
Microsoft Visual Studio Solution File, Format Version 12.00
# Visual Studio Version 17
VisualStudioVersion = 17.0.31423.177
MinimumVisualStudioVersion = 10.0.40219.1
Project("{9A19103F-16F7-4668-BE54-9A1E7A4F7556}") = "ILCompiler", "ILCompiler\ILCompiler.csproj", "{D277F530-9004-4F8D-9A6E-896906A32739}"
EndProject
Project("{2150E333-8FDC-42A3-9474-1A3956D46DE8}") = "Documentation", "Documentation", "{788056D0-345F-498A-A8D7-4373442E613F}"
	ProjectSection(SolutionItems) = preProject
		Documentation\csharp-80-architecture.md = Documentation\csharp-80-architecture.md
		Documentation\intro-to-csharp-80.md = Documentation\intro-to-csharp-80.md
	EndProjectSection
EndProject
Project("{9A19103F-16F7-4668-BE54-9A1E7A4F7556}") = "System.Private.CoreLib", "System.Private.CoreLib\System.Private.CoreLib.csproj", "{1BF72B8B-C76D-48FB-84DC-CDC52851BB39}"
EndProject
Project("{2150E333-8FDC-42A3-9474-1A3956D46DE8}") = "Samples", "Samples", "{793AD8ED-EEB7-4A86-BEFA-2A5C7FA56D72}"
EndProject
Project("{9A19103F-16F7-4668-BE54-9A1E7A4F7556}") = "Sample", "Samples\Sample\Sample.csproj", "{34DDF008-1399-4B78-BDD1-087481927C63}"
EndProject
Project("{9A19103F-16F7-4668-BE54-9A1E7A4F7556}") = "Fib", "Samples\Fib\Fib.csproj", "{1C5765B4-0448-46C3-8BD5-39168A53F21A}"
EndProject
Project("{9A19103F-16F7-4668-BE54-9A1E7A4F7556}") = "SampleDsk", "Samples\SampleDsk\SampleDsk.csproj", "{7E8338DA-726C-4088-B4E3-E29E66BE3404}"
	ProjectSection(ProjectDependencies) = postProject
		{240E6384-74B7-4222-9A2F-D73960B8FEB7} = {240E6384-74B7-4222-9A2F-D73960B8FEB7}
	EndProjectSection
EndProject
Project("{9A19103F-16F7-4668-BE54-9A1E7A4F7556}") = "Snake", "Samples\Snake\Snake.csproj", "{38B95D06-7F4C-49B2-945D-2ECAEA2210C4}"
EndProject
Project("{9A19103F-16F7-4668-BE54-9A1E7A4F7556}") = "ILCompiler.IntegrationTests", "Tests\ILCompiler.IntegrationTests\ILCompiler.IntegrationTests.csproj", "{4DF64636-06C6-42C0-82EF-04FF80EDD9B7}"
EndProject
Project("{9A19103F-16F7-4668-BE54-9A1E7A4F7556}") = "ILCompiler.UnitTests", "Tests\ILCompiler.UnitTests\ILCompiler.UnitTests.csproj", "{447DB118-B54C-4D14-AF73-B2B584F06FE5}"
EndProject
Project("{2150E333-8FDC-42A3-9474-1A3956D46DE8}") = "Tests", "Tests", "{6505E749-06C0-4B7B-8F4B-17F9B36A9095}"
EndProject
Project("{9A19103F-16F7-4668-BE54-9A1E7A4F7556}") = "Structs", "Samples\Structs\Structs.csproj", "{0A568728-970E-43D6-8621-E6618A0AC3FB}"
EndProject
Project("{9A19103F-16F7-4668-BE54-9A1E7A4F7556}") = "NetBot", "Samples\NetBot\NetBot.csproj", "{A0130599-17D9-4C3D-B27F-E7AC4EF7E2D6}"
EndProject
Project("{9A19103F-16F7-4668-BE54-9A1E7A4F7556}") = "Paint", "Samples\Paint\Paint.csproj", "{4CF96A61-1B40-44E9-B83A-B5DB0116B5DA}"
EndProject
Project("{9A19103F-16F7-4668-BE54-9A1E7A4F7556}") = "GfxDemos", "Samples\GfxDemos\GfxDemos.csproj", "{CCA0232B-E334-4AEC-BE75-37FA26837DE3}"
EndProject
Project("{9A19103F-16F7-4668-BE54-9A1E7A4F7556}") = "Matrix", "Samples\Matrix\Matrix.csproj", "{CA3B639B-5587-474D-80A3-98BAEE34CAAD}"
EndProject
Project("{9A19103F-16F7-4668-BE54-9A1E7A4F7556}") = "Primes", "Samples\Primes\Primes.csproj", "{381DA5BD-D5D1-442E-AE36-84D1838CEF82}"
EndProject
Project("{9A19103F-16F7-4668-BE54-9A1E7A4F7556}") = "CoreTestAssembly", "Tests\CoreTestAssembly\CoreTestAssembly.csproj", "{C324B9F0-AECA-4B96-BFA7-4DB3981D9C67}"
EndProject
Project("{2150E333-8FDC-42A3-9474-1A3956D46DE8}") = "Directed", "Directed", "{BA9F8E73-7E2E-4E47-A614-CF6D8AD8445D}"
EndProject
Project("{9A19103F-16F7-4668-BE54-9A1E7A4F7556}") = "Arrays", "Tests\Directed\Arrays\Arrays.csproj", "{956BA5EC-9232-4420-BC23-29BE6FE439CC}"
EndProject
Project("{9A19103F-16F7-4668-BE54-9A1E7A4F7556}") = "DirectedTests", "Tests\Directed\DirectedTestsRunner\DirectedTests.csproj", "{6996645B-E968-43FF-9CC4-ADC6E80680FA}"
	ProjectSection(ProjectDependencies) = postProject
		{3BC3BDDD-3EE0-48D9-A13B-F5B699B07B22} = {3BC3BDDD-3EE0-48D9-A13B-F5B699B07B22}
		{956BA5EC-9232-4420-BC23-29BE6FE439CC} = {956BA5EC-9232-4420-BC23-29BE6FE439CC}
		{D1C26B9E-066F-4429-8495-B14D17EC8A41} = {D1C26B9E-066F-4429-8495-B14D17EC8A41}
		{D1C85412-DC99-403D-A291-F2923BCC02E7} = {D1C85412-DC99-403D-A291-F2923BCC02E7}
		{D6408007-7F39-4D5B-822D-086B509AE95C} = {D6408007-7F39-4D5B-822D-086B509AE95C}
		{D6AC4745-F898-42F4-A547-EEDC041B9618} = {D6AC4745-F898-42F4-A547-EEDC041B9618}
		{EFA2D330-1A64-4915-82F4-17F09F96D8A7} = {EFA2D330-1A64-4915-82F4-17F09F96D8A7}
		{F58273F9-A2F4-4B7A-A717-DD9A82B7DE81} = {F58273F9-A2F4-4B7A-A717-DD9A82B7DE81}
	EndProjectSection
EndProject
Project("{9A19103F-16F7-4668-BE54-9A1E7A4F7556}") = "Ackermann", "Tests\Directed\Ackermann\Ackermann.csproj", "{D1C26B9E-066F-4429-8495-B14D17EC8A41}"
EndProject
Project("{9A19103F-16F7-4668-BE54-9A1E7A4F7556}") = "Fibonacci", "Tests\Directed\Fibonacci\Fibonacci.csproj", "{EFA2D330-1A64-4915-82F4-17F09F96D8A7}"
EndProject
Project("{9A19103F-16F7-4668-BE54-9A1E7A4F7556}") = "MDArrays", "Tests\Directed\MDArrays\MDArrays.csproj", "{D6AC4745-F898-42F4-A547-EEDC041B9618}"
EndProject
Project("{9A19103F-16F7-4668-BE54-9A1E7A4F7556}") = "Strings", "Tests\Directed\Strings\Strings.csproj", "{D1C85412-DC99-403D-A291-F2923BCC02E7}"
EndProject
Project("{2150E333-8FDC-42A3-9474-1A3956D46DE8}") = "Generics", "Generics", "{35C20505-0FCB-4D27-AFC5-A0B1071C268F}"
EndProject
Project("{9A19103F-16F7-4668-BE54-9A1E7A4F7556}") = "GenericsTests", "Tests\Generics\GenericsTestsRunner\GenericsTests.csproj", "{D86CEC0F-8B8A-4C0D-BE4F-EA0EDEB99AF2}"
EndProject
Project("{9A19103F-16F7-4668-BE54-9A1E7A4F7556}") = "GenericMethods", "Tests\Generics\GenericMethods\GenericMethods.csproj", "{CD4B4504-DD61-4BD0-BA92-883E73152CFA}"
EndProject
Project("{2150E333-8FDC-42A3-9474-1A3956D46DE8}") = "CoreLib", "CoreLib", "{2076ADF1-E63E-4A71-AF00-DCD6570B5ECF}"
EndProject
Project("{9A19103F-16F7-4668-BE54-9A1E7A4F7556}") = "CoreLib", "Tests\CoreLib\CoreLib\CoreLib.csproj", "{1FC10C65-2BDF-41B7-9438-0819F4132766}"
EndProject
Project("{9A19103F-16F7-4668-BE54-9A1E7A4F7556}") = "CoreLibTests", "Tests\CoreLib\CoreLibTestsRunner\CoreLibTests.csproj", "{98FBB932-C3DC-449C-A8D4-C54E89E84CA7}"
EndProject
Project("{2150E333-8FDC-42A3-9474-1A3956D46DE8}") = "Regression", "Regression", "{190AA2D7-1957-4ED1-BC6A-5D5BB6B049C9}"
EndProject
Project("{9A19103F-16F7-4668-BE54-9A1E7A4F7556}") = "RegressionTests", "Tests\Regression\RegressionTestsRunner\RegressionTests.csproj", "{6414E18E-EA46-48A3-810A-15D73E875A09}"
EndProject
Project("{9A19103F-16F7-4668-BE54-9A1E7A4F7556}") = "Regression", "Tests\Regression\Regression\Regression.csproj", "{7AF3ADE5-D2EF-4210-ADF2-537A86E5D64C}"
EndProject
Project("{9A19103F-16F7-4668-BE54-9A1E7A4F7556}") = "Wumpus", "Samples\Wumpus\Wumpus.csproj", "{AF4B760D-8F47-4124-909E-6824CD552A74}"
EndProject
Project("{9A19103F-16F7-4668-BE54-9A1E7A4F7556}") = "Checksum", "Samples\Checksum\Checksum.csproj", "{DED0524E-1E8A-4601-82A0-1909150C72F1}"
EndProject
Project("{9A19103F-16F7-4668-BE54-9A1E7A4F7556}") = "Hello", "Samples\Hello\Hello.csproj", "{4244B994-8103-44EB-9303-16E1296310FD}"
EndProject
Project("{9A19103F-16F7-4668-BE54-9A1E7A4F7556}") = "ILCompiler.Tests.Common", "Tests\ILCompiler.Tests.Common\ILCompiler.Tests.Common.csproj", "{6324EF38-D339-4A78-AEED-A41537E8DD92}"
EndProject
Project("{9A19103F-16F7-4668-BE54-9A1E7A4F7556}") = "CalcPi", "Samples\CalcPi\CalcPi.csproj", "{9FD822CD-E7DE-4B06-BD2A-B6EDFF6A4B34}"
EndProject
Project("{9A19103F-16F7-4668-BE54-9A1E7A4F7556}") = "Primes", "Tests\Directed\Primes\Primes.csproj", "{F58273F9-A2F4-4B7A-A717-DD9A82B7DE81}"
EndProject
Project("{9A19103F-16F7-4668-BE54-9A1E7A4F7556}") = "Hanoi", "Tests\Directed\Hanoi\Hanoi.csproj", "{D6408007-7F39-4D5B-822D-086B509AE95C}"
EndProject
Project("{9A19103F-16F7-4668-BE54-9A1E7A4F7556}") = "Hanoi", "Samples\Hanoi\Hanoi.csproj", "{FFAF6123-8A64-47B3-B2AC-E02E87FD7B51}"
EndProject
Project("{9A19103F-16F7-4668-BE54-9A1E7A4F7556}") = "Life", "Samples\Life\Life.csproj", "{1BE977D5-1629-47D2-9AE3-860B6394BA66}"
EndProject
Project("{9A19103F-16F7-4668-BE54-9A1E7A4F7556}") = "Mandel", "Samples\Mandel\Mandel.csproj", "{495D7C02-7945-4C18-9B20-9E49CD7B4CBE}"
EndProject
Project("{2150E333-8FDC-42A3-9474-1A3956D46DE8}") = "Methodical", "Methodical", "{4DBCD88C-3231-4CCF-8D5A-D2AA2D45750B}"
EndProject
Project("{9A19103F-16F7-4668-BE54-9A1E7A4F7556}") = "MethodicalTests", "Tests\Methodical\MethodicalTestsRunner\MethodicalTests.csproj", "{782C0B8B-B21E-4114-92D8-1BBB2DB608CC}"
	ProjectSection(ProjectDependencies) = postProject
		{14AB69B7-C3AD-4247-A3E2-C483EC022872} = {14AB69B7-C3AD-4247-A3E2-C483EC022872}
		{6A0ECC37-A73E-00A0-D1D6-A913E5048216} = {6A0ECC37-A73E-00A0-D1D6-A913E5048216}
		{6CAD3826-DB91-4CB0-B432-16A0372A526E} = {6CAD3826-DB91-4CB0-B432-16A0372A526E}
		{7325BDEE-8B0F-DDF0-C93F-7DC7DE349EDF} = {7325BDEE-8B0F-DDF0-C93F-7DC7DE349EDF}
		{7A352273-5EB5-4033-8377-0127DAECA4D0} = {7A352273-5EB5-4033-8377-0127DAECA4D0}
		{80A4D9C8-296F-A91A-F25C-7FC50A79FEB5} = {80A4D9C8-296F-A91A-F25C-7FC50A79FEB5}
		{8F5C81B0-F8FD-B1B1-DFC3-DC1F3A35FC01} = {8F5C81B0-F8FD-B1B1-DFC3-DC1F3A35FC01}
		{A7BA368A-33EF-4FD6-9CBC-9679C30E5AE4} = {A7BA368A-33EF-4FD6-9CBC-9679C30E5AE4}
		{B9CBFF56-92A8-44D3-9DD8-F885223DCC84} = {B9CBFF56-92A8-44D3-9DD8-F885223DCC84}
		{C80DE5D8-B8D1-A41A-9470-D9A90CCC9334} = {C80DE5D8-B8D1-A41A-9470-D9A90CCC9334}
		{CFF41457-ABA5-4ABE-8232-51F753A2FE64} = {CFF41457-ABA5-4ABE-8232-51F753A2FE64}
		{D344641A-181B-4644-AF69-C35F749A92FE} = {D344641A-181B-4644-AF69-C35F749A92FE}
		{DADB6D9A-AA1E-C8D4-CCA2-E7BB476517EB} = {DADB6D9A-AA1E-C8D4-CCA2-E7BB476517EB}
		{DDF318F2-D244-4D2A-B26F-E539D9E2AEE8} = {DDF318F2-D244-4D2A-B26F-E539D9E2AEE8}
		{E3AE4535-40C2-790B-D4E9-5ECB41F085BE} = {E3AE4535-40C2-790B-D4E9-5ECB41F085BE}
		{E4014B39-EBB1-BCAF-D4F9-8253C9285513} = {E4014B39-EBB1-BCAF-D4F9-8253C9285513}
	EndProjectSection
EndProject
Project("{9A19103F-16F7-4668-BE54-9A1E7A4F7556}") = "InvokeCctorByStaticMethod", "Tests\Methodical\InvokeCctorByStaticMethod\InvokeCctorByStaticMethod.csproj", "{CFF41457-ABA5-4ABE-8232-51F753A2FE64}"
EndProject
Project("{9A19103F-16F7-4668-BE54-9A1E7A4F7556}") = "InvokeCctorByInstanceMethod", "Tests\Methodical\InvokeCctorByInstanceMethod\InvokeCctorByInstanceMethod.csproj", "{A7BA368A-33EF-4FD6-9CBC-9679C30E5AE4}"
EndProject
Project("{9A19103F-16F7-4668-BE54-9A1E7A4F7556}") = "InvokeCctorByFieldAccess", "Tests\Methodical\InvokeCctorByFieldAccess\InvokeCctorByFieldAccess.csproj", "{6CAD3826-DB91-4CB0-B432-16A0372A526E}"
EndProject
Project("{9A19103F-16F7-4668-BE54-9A1E7A4F7556}") = "BeforeFieldInit", "Tests\Methodical\BeforeFieldInit\BeforeFieldInit.csproj", "{D344641A-181B-4644-AF69-C35F749A92FE}"
EndProject
Project("{9A19103F-16F7-4668-BE54-9A1E7A4F7556}") = "Chess", "Samples\Chess\Chess.csproj", "{024215E4-9022-4A45-85A0-1233908DC8BD}"
EndProject
Project("{9A19103F-16F7-4668-BE54-9A1E7A4F7556}") = "ZeroInit", "Tests\Methodical\ZeroInit\ZeroInit.csproj", "{02327B5A-3408-4928-BED7-2D6D1369349C}"
EndProject
Project("{9A19103F-16F7-4668-BE54-9A1E7A4F7556}") = "Music", "Samples\Music\Music.csproj", "{240E6384-74B7-4222-9A2F-D73960B8FEB7}"
EndProject
Project("{9A19103F-16F7-4668-BE54-9A1E7A4F7556}") = "Preinitialization", "Tests\Methodical\Preinitialization\Preinitialization.csproj", "{5190B637-7A0F-41F0-B0B0-53C11832B1C0}"
EndProject
Project("{9A19103F-16F7-4668-BE54-9A1E7A4F7556}") = "VirtualMethods", "Tests\Methodical\VirtualMethods\VirtualMethods.csproj", "{DDF318F2-D244-4D2A-B26F-E539D9E2AEE8}"
EndProject
Project("{9A19103F-16F7-4668-BE54-9A1E7A4F7556}") = "InterfaceDispatch", "Tests\Methodical\InterfaceDispatch\InterfaceDispatch.csproj", "{7A352273-5EB5-4033-8377-0127DAECA4D0}"
EndProject
Project("{9A19103F-16F7-4668-BE54-9A1E7A4F7556}") = "Mines", "Samples\Mines\Mines.csproj", "{A6383E95-8817-45E3-BE58-75563219B2FB}"
EndProject
Project("{9A19103F-16F7-4668-BE54-9A1E7A4F7556}") = "Exceptions", "Tests\Methodical\Exceptions\Exceptions.csproj", "{B9CBFF56-92A8-44D3-9DD8-F885223DCC84}"
EndProject
Project("{9A19103F-16F7-4668-BE54-9A1E7A4F7556}") = "DoomFire", "Samples\DoomFire\DoomFire.csproj", "{D6103A46-A3C0-4349-BF53-21C25A3140AD}"
EndProject
Project("{9A19103F-16F7-4668-BE54-9A1E7A4F7556}") = "ConstantFolding", "Tests\Directed\ConstantFolding\ConstantFolding.csproj", "{3BC3BDDD-3EE0-48D9-A13B-F5B699B07B22}"
EndProject
Project("{9A19103F-16F7-4668-BE54-9A1E7A4F7556}") = "JitDiff", "JitDiff\JitDiff.csproj", "{0D32A97C-AED2-4433-B967-BDF7B6DF009E}"
EndProject
Project("{9A19103F-16F7-4668-BE54-9A1E7A4F7556}") = "QSort", "Samples\QSort\QSort.csproj", "{1E478B36-AC1B-4273-975C-6E6109ACFE55}"
EndProject
Project("{9A19103F-16F7-4668-BE54-9A1E7A4F7556}") = "GenericFields", "Tests\Generics\GenericFields\GenericFields.csproj", "{7B5AA120-FFFB-42B2-B81C-D25B33A3128D}"
EndProject
Project("{9A19103F-16F7-4668-BE54-9A1E7A4F7556}") = "GenericLocals", "Tests\Generics\GenericLocals\GenericLocals.csproj", "{76F98859-2A98-4DA4-8778-4FD925D82AD5}"
EndProject
Project("{9A19103F-16F7-4668-BE54-9A1E7A4F7556}") = "GenericTypeParameters", "Tests\Generics\GenericTypeParameters\GenericTypeParameters.csproj", "{DC1ECA8C-0CDB-48E8-8FC8-05AA1939C7B7}"
EndProject
Project("{9A19103F-16F7-4668-BE54-9A1E7A4F7556}") = "ValueTypes", "Tests\Methodical\ValueTypes\ValueTypes.csproj", "{93AC468E-2D4E-4D05-81CD-A38ACAE32F65}"
EndProject
Project("{9A19103F-16F7-4668-BE54-9A1E7A4F7556}") = "Boxing", "Tests\Methodical\Boxing\Boxing.csproj", "{184DD2EF-B10E-42E5-B688-35FE2DE4DFB0}"
EndProject
Project("{2150E333-8FDC-42A3-9474-1A3956D46DE8}") = "Performance", "Performance", "{8761ECE2-C0B1-48C1-9B70-5602636F9321}"
EndProject
Project("{2150E333-8FDC-42A3-9474-1A3956D46DE8}") = "CodeQuality", "CodeQuality", "{80DB7F2D-9928-4943-92E7-9D0150D9B436}"
EndProject
Project("{2150E333-8FDC-42A3-9474-1A3956D46DE8}") = "Benchmarks", "Benchmarks", "{AE6EFF8B-3E1C-4147-8556-59BF83968398}"
EndProject
Project("{9A19103F-16F7-4668-BE54-9A1E7A4F7556}") = "8Queens", "Tests\Performance\CodeQuality\Benchmarks\8Queens\8Queens.csproj", "{79A748B0-244F-4330-9A69-C7ABC595021A}"
EndProject
Project("{9A19103F-16F7-4668-BE54-9A1E7A4F7556}") = "BenchmarkTests", "Tests\Performance\CodeQuality\Benchmarks\BenchmarkTestsRunner\BenchmarkTests.csproj", "{1C383955-2B13-4A61-BB2D-7B5814F3D71A}"
EndProject
Project("{9A19103F-16F7-4668-BE54-9A1E7A4F7556}") = "Ackermann", "Tests\Performance\CodeQuality\Benchmarks\Ackermann\Ackermann.csproj", "{BE44062B-E0A1-442B-A2B8-4F4EF04313E5}"
EndProject
Project("{9A19103F-16F7-4668-BE54-9A1E7A4F7556}") = "CSieve", "Tests\Performance\CodeQuality\Benchmarks\CSieve\CSieve.csproj", "{438C269F-8BF6-4C49-964F-A43330F516E3}"
EndProject
Project("{9A19103F-16F7-4668-BE54-9A1E7A4F7556}") = "Fib", "Tests\Performance\CodeQuality\Benchmarks\Fib\Fib.csproj", "{1235C98C-7414-41B1-9F2E-36D20EA736E2}"
EndProject
Project("{9A19103F-16F7-4668-BE54-9A1E7A4F7556}") = "Pi", "Tests\Performance\CodeQuality\Benchmarks\Pi\Pi.csproj", "{C8024C53-585E-4C33-ACEE-E13F7BD96D34}"
EndProject
Project("{9A19103F-16F7-4668-BE54-9A1E7A4F7556}") = "Heapsort", "Tests\Performance\CodeQuality\Benchmarks\Heapsort\Heapsort.csproj", "{C217D6FA-6B26-413D-9B26-6DC90F60E23C}"
EndProject
Project("{9A19103F-16F7-4668-BE54-9A1E7A4F7556}") = "Quicksort", "Tests\Performance\CodeQuality\Benchmarks\Quicksort\Quicksort.csproj", "{5699A04E-5CAA-43A1-BB34-849AC40D374E}"
EndProject
Project("{9A19103F-16F7-4668-BE54-9A1E7A4F7556}") = "Bubblesort", "Tests\Performance\CodeQuality\Benchmarks\Bubblesort\Bubblesort.csproj", "{62FBCFAE-AFC3-4C61-B8DB-0E26A910D36B}"
EndProject
Project("{2150E333-8FDC-42A3-9474-1A3956D46DE8}") = "CodeGen", "CodeGen", "{0487B618-E2E2-4C81-8056-73751DDA3D49}"
EndProject
Project("{9A19103F-16F7-4668-BE54-9A1E7A4F7556}") = "CodeGenTests", "Tests\CodeGen\CodeGenTestsRunner\CodeGenTests.csproj", "{39F81DAF-91EE-4630-9653-3F173A3DA9A2}"
EndProject
Project("{9A19103F-16F7-4668-BE54-9A1E7A4F7556}") = "DivConst", "Tests\CodeGen\DivConst\DivConst.csproj", "{615757CD-4602-4A45-A838-54B757941BAF}"
EndProject
Project("{FAE04EC0-301F-11D3-BF4B-00C04F79EFBC}") = "SharedGenerics", "Tests\Generics\SharedGenerics\SharedGenerics.csproj", "{3A68377F-F75A-4080-B321-2F6CF1638F40}"
EndProject
Project("{FAE04EC0-301F-11D3-BF4B-00C04F79EFBC}") = "ArrayListTests", "Tests\CoreLib\ArrayListTests\ArrayListTests.csproj", "{58F1EF68-538E-EBF9-4F25-FF1F528E3660}"
EndProject
Project("{FAE04EC0-301F-11D3-BF4B-00C04F79EFBC}") = "GenericListTests.Int", "Tests\CoreLib\GenericListTests.Int\GenericListTests.Int.csproj", "{551E05B0-CC68-7920-7287-55EC02E97BA9}"
EndProject
Project("{FAE04EC0-301F-11D3-BF4B-00C04F79EFBC}") = "GenericListTests.String", "Tests\CoreLib\GenericListTests.String\GenericListTests.String.csproj", "{481D2A34-0496-6672-9B66-A0DF3D45FEDA}"
EndProject
Project("{FAE04EC0-301F-11D3-BF4B-00C04F79EFBC}") = "System.Tests", "Tests\CoreLib\System.Tests\System.Tests.csproj", "{1966FCB9-03C0-A419-0C0A-EC1319A5E25B}"
EndProject
Project("{FAE04EC0-301F-11D3-BF4B-00C04F79EFBC}") = "GenericConstrainedCall", "Tests\Generics\GenericConstrainedCall\GenericConstrainedCall.csproj", "{5D0B35F5-C8BE-BDA7-E493-2BB0AEF0A834}"
EndProject
Project("{FAE04EC0-301F-11D3-BF4B-00C04F79EFBC}") = "System.Linq.Tests", "Tests\CoreLib\System.Linq.Tests\System.Linq.Tests.csproj", "{271614EC-F2F0-12C7-C5A8-A6FD9D88985D}"
EndProject
Project("{FAE04EC0-301F-11D3-BF4B-00C04F79EFBC}") = "System.Collections.Tests", "Tests\CoreLib\System.Collections.Tests\System.Collections.Tests.csproj", "{2A3F21F8-AECB-178B-70EC-FF459814810F}"
EndProject
Project("{FAE04EC0-301F-11D3-BF4B-00C04F79EFBC}") = "Arrays", "Tests\Methodical\Arrays\Arrays.csproj", "{B61C293A-8B81-77A2-5243-03D7B4EC1EAD}"
EndProject
Project("{FAE04EC0-301F-11D3-BF4B-00C04F79EFBC}") = "DllImportAttribute", "Tests\Methodical\DllImportAttribute\DllImportAttribute.csproj", "{FC648959-1660-9C76-4679-B011211AB04B}"
EndProject
Project("{2150E333-8FDC-42A3-9474-1A3956D46DE8}") = "MDArrays", "MDArrays", "{02EA681E-C7D8-13C7-8484-4AC65E1B71E8}"
EndProject
Project("{2150E333-8FDC-42A3-9474-1A3956D46DE8}") = "DataTypes", "DataTypes", "{61C372C3-38C0-456C-B4FC-092B1614D278}"
EndProject
Project("{FAE04EC0-301F-11D3-BF4B-00C04F79EFBC}") = "DataTypesBool", "Tests\Methodical\MDArrays\DataTypes\DataTypesBool\DataTypesBool.csproj", "{14AB69B7-C3AD-4247-A3E2-C483EC022872}"
EndProject
Project("{FAE04EC0-301F-11D3-BF4B-00C04F79EFBC}") = "DataTypesByte", "Tests\Methodical\MDArrays\DataTypes\DataTypesByte\DataTypesByte.csproj", "{80A4D9C8-296F-A91A-F25C-7FC50A79FEB5}"
EndProject
Project("{FAE04EC0-301F-11D3-BF4B-00C04F79EFBC}") = "DataTypesChar", "Tests\Methodical\MDArrays\DataTypes\DataTypesChar\DataTypesChar.csproj", "{6A0ECC37-A73E-00A0-D1D6-A913E5048216}"
EndProject
Project("{FAE04EC0-301F-11D3-BF4B-00C04F79EFBC}") = "DataTypesInt", "Tests\Methodical\MDArrays\DataTypes\DataTypesInt\DataTypesInt.csproj", "{DADB6D9A-AA1E-C8D4-CCA2-E7BB476517EB}"
EndProject
Project("{FAE04EC0-301F-11D3-BF4B-00C04F79EFBC}") = "Simple", "Tests\Methodical\MDArrays\Simple\Simple.csproj", "{C80DE5D8-B8D1-A41A-9470-D9A90CCC9334}"
EndProject
Project("{FAE04EC0-301F-11D3-BF4B-00C04F79EFBC}") = "DataTypesSByte", "Tests\Methodical\MDArrays\DataTypes\DataTypesSByte\DataTypesSByte.csproj", "{7325BDEE-8B0F-DDF0-C93F-7DC7DE349EDF}"
EndProject
Project("{FAE04EC0-301F-11D3-BF4B-00C04F79EFBC}") = "DataTypesShort", "Tests\Methodical\MDArrays\DataTypes\DataTypesShort\DataTypesShort.csproj", "{8F5C81B0-F8FD-B1B1-DFC3-DC1F3A35FC01}"
EndProject
Project("{FAE04EC0-301F-11D3-BF4B-00C04F79EFBC}") = "DataTypesUInt", "Tests\Methodical\MDArrays\DataTypes\DataTypesUInt\DataTypesUInt.csproj", "{E3AE4535-40C2-790B-D4E9-5ECB41F085BE}"
EndProject
Project("{FAE04EC0-301F-11D3-BF4B-00C04F79EFBC}") = "DataTypesUShort", "Tests\Methodical\MDArrays\DataTypes\DataTypesUShort\DataTypesUShort.csproj", "{E4014B39-EBB1-BCAF-D4F9-8253C9285513}"
EndProject
Project("{2150E333-8FDC-42A3-9474-1A3956D46DE8}") = "Arrays", "Arrays", "{A825A844-28D1-47BE-B488-104E39EF3CFF}"
EndProject
Project("{2150E333-8FDC-42A3-9474-1A3956D46DE8}") = "ConstructedTypes", "ConstructedTypes", "{53330C03-A0D2-482F-A5E8-BF63D5F38D59}"
EndProject
Project("{2150E333-8FDC-42A3-9474-1A3956D46DE8}") = "MultiDim", "MultiDim", "{5C9ADC0F-8239-4B4C-8D41-5A79CC7127C3}"
EndProject
Project("{FAE04EC0-301F-11D3-BF4B-00C04F79EFBC}") = "ClassConstructedType", "Tests\Generics\Arrays\ConstructedTypes\MultiDim\ClassConstructedType.csproj", "{0CFB8D2A-561D-8294-FF27-5E66A6546BBC}"
EndProject
Project("{FAE04EC0-301F-11D3-BF4B-00C04F79EFBC}") = "ClassInstance", "Tests\Generics\Arrays\ConstructedTypes\MultiDim\ClassInstance.csproj", "{8FF9E73F-0193-9DB9-1762-FC80B87A0C1A}"
EndProject
Project("{FAE04EC0-301F-11D3-BF4B-00C04F79EFBC}") = "ClassStatic", "Tests\Generics\Arrays\ConstructedTypes\MultiDim\ClassStatic.csproj", "{6A0B3979-61C2-AFF7-743A-A49C6F99B3C3}"
EndProject
Global
	GlobalSection(SolutionConfigurationPlatforms) = preSolution
		Debug|Any CPU = Debug|Any CPU
		Release|Any CPU = Release|Any CPU
	EndGlobalSection
	GlobalSection(ProjectConfigurationPlatforms) = postSolution
		{D277F530-9004-4F8D-9A6E-896906A32739}.Debug|Any CPU.ActiveCfg = Debug|Any CPU
		{D277F530-9004-4F8D-9A6E-896906A32739}.Debug|Any CPU.Build.0 = Debug|Any CPU
		{D277F530-9004-4F8D-9A6E-896906A32739}.Release|Any CPU.ActiveCfg = Release|Any CPU
		{D277F530-9004-4F8D-9A6E-896906A32739}.Release|Any CPU.Build.0 = Release|Any CPU
		{1BF72B8B-C76D-48FB-84DC-CDC52851BB39}.Debug|Any CPU.ActiveCfg = Debug|Any CPU
		{1BF72B8B-C76D-48FB-84DC-CDC52851BB39}.Debug|Any CPU.Build.0 = Debug|Any CPU
		{1BF72B8B-C76D-48FB-84DC-CDC52851BB39}.Release|Any CPU.ActiveCfg = Release|Any CPU
		{1BF72B8B-C76D-48FB-84DC-CDC52851BB39}.Release|Any CPU.Build.0 = Release|Any CPU
		{34DDF008-1399-4B78-BDD1-087481927C63}.Debug|Any CPU.ActiveCfg = Debug|Any CPU
		{34DDF008-1399-4B78-BDD1-087481927C63}.Debug|Any CPU.Build.0 = Debug|Any CPU
		{34DDF008-1399-4B78-BDD1-087481927C63}.Release|Any CPU.ActiveCfg = Release|Any CPU
		{34DDF008-1399-4B78-BDD1-087481927C63}.Release|Any CPU.Build.0 = Release|Any CPU
		{1C5765B4-0448-46C3-8BD5-39168A53F21A}.Debug|Any CPU.ActiveCfg = Debug|Any CPU
		{1C5765B4-0448-46C3-8BD5-39168A53F21A}.Debug|Any CPU.Build.0 = Debug|Any CPU
		{1C5765B4-0448-46C3-8BD5-39168A53F21A}.Release|Any CPU.ActiveCfg = Release|Any CPU
		{1C5765B4-0448-46C3-8BD5-39168A53F21A}.Release|Any CPU.Build.0 = Release|Any CPU
		{7E8338DA-726C-4088-B4E3-E29E66BE3404}.Debug|Any CPU.ActiveCfg = Debug|Any CPU
		{7E8338DA-726C-4088-B4E3-E29E66BE3404}.Debug|Any CPU.Build.0 = Debug|Any CPU
		{7E8338DA-726C-4088-B4E3-E29E66BE3404}.Release|Any CPU.ActiveCfg = Release|Any CPU
		{7E8338DA-726C-4088-B4E3-E29E66BE3404}.Release|Any CPU.Build.0 = Release|Any CPU
		{38B95D06-7F4C-49B2-945D-2ECAEA2210C4}.Debug|Any CPU.ActiveCfg = Debug|Any CPU
		{38B95D06-7F4C-49B2-945D-2ECAEA2210C4}.Debug|Any CPU.Build.0 = Debug|Any CPU
		{38B95D06-7F4C-49B2-945D-2ECAEA2210C4}.Release|Any CPU.ActiveCfg = Release|Any CPU
		{38B95D06-7F4C-49B2-945D-2ECAEA2210C4}.Release|Any CPU.Build.0 = Release|Any CPU
		{4DF64636-06C6-42C0-82EF-04FF80EDD9B7}.Debug|Any CPU.ActiveCfg = Debug|Any CPU
		{4DF64636-06C6-42C0-82EF-04FF80EDD9B7}.Debug|Any CPU.Build.0 = Debug|Any CPU
		{4DF64636-06C6-42C0-82EF-04FF80EDD9B7}.Release|Any CPU.ActiveCfg = Release|Any CPU
		{4DF64636-06C6-42C0-82EF-04FF80EDD9B7}.Release|Any CPU.Build.0 = Release|Any CPU
		{447DB118-B54C-4D14-AF73-B2B584F06FE5}.Debug|Any CPU.ActiveCfg = Debug|Any CPU
		{447DB118-B54C-4D14-AF73-B2B584F06FE5}.Debug|Any CPU.Build.0 = Debug|Any CPU
		{447DB118-B54C-4D14-AF73-B2B584F06FE5}.Release|Any CPU.ActiveCfg = Release|Any CPU
		{447DB118-B54C-4D14-AF73-B2B584F06FE5}.Release|Any CPU.Build.0 = Release|Any CPU
		{0A568728-970E-43D6-8621-E6618A0AC3FB}.Debug|Any CPU.ActiveCfg = Debug|Any CPU
		{0A568728-970E-43D6-8621-E6618A0AC3FB}.Debug|Any CPU.Build.0 = Debug|Any CPU
		{0A568728-970E-43D6-8621-E6618A0AC3FB}.Release|Any CPU.ActiveCfg = Release|Any CPU
		{0A568728-970E-43D6-8621-E6618A0AC3FB}.Release|Any CPU.Build.0 = Release|Any CPU
		{A0130599-17D9-4C3D-B27F-E7AC4EF7E2D6}.Debug|Any CPU.ActiveCfg = Debug|Any CPU
		{A0130599-17D9-4C3D-B27F-E7AC4EF7E2D6}.Debug|Any CPU.Build.0 = Debug|Any CPU
		{A0130599-17D9-4C3D-B27F-E7AC4EF7E2D6}.Release|Any CPU.ActiveCfg = Release|Any CPU
		{A0130599-17D9-4C3D-B27F-E7AC4EF7E2D6}.Release|Any CPU.Build.0 = Release|Any CPU
		{4CF96A61-1B40-44E9-B83A-B5DB0116B5DA}.Debug|Any CPU.ActiveCfg = Debug|Any CPU
		{4CF96A61-1B40-44E9-B83A-B5DB0116B5DA}.Debug|Any CPU.Build.0 = Debug|Any CPU
		{4CF96A61-1B40-44E9-B83A-B5DB0116B5DA}.Release|Any CPU.ActiveCfg = Release|Any CPU
		{4CF96A61-1B40-44E9-B83A-B5DB0116B5DA}.Release|Any CPU.Build.0 = Release|Any CPU
		{CCA0232B-E334-4AEC-BE75-37FA26837DE3}.Debug|Any CPU.ActiveCfg = Debug|Any CPU
		{CCA0232B-E334-4AEC-BE75-37FA26837DE3}.Debug|Any CPU.Build.0 = Debug|Any CPU
		{CCA0232B-E334-4AEC-BE75-37FA26837DE3}.Release|Any CPU.ActiveCfg = Release|Any CPU
		{CCA0232B-E334-4AEC-BE75-37FA26837DE3}.Release|Any CPU.Build.0 = Release|Any CPU
		{CA3B639B-5587-474D-80A3-98BAEE34CAAD}.Debug|Any CPU.ActiveCfg = Debug|Any CPU
		{CA3B639B-5587-474D-80A3-98BAEE34CAAD}.Debug|Any CPU.Build.0 = Debug|Any CPU
		{CA3B639B-5587-474D-80A3-98BAEE34CAAD}.Release|Any CPU.ActiveCfg = Release|Any CPU
		{CA3B639B-5587-474D-80A3-98BAEE34CAAD}.Release|Any CPU.Build.0 = Release|Any CPU
		{381DA5BD-D5D1-442E-AE36-84D1838CEF82}.Debug|Any CPU.ActiveCfg = Debug|Any CPU
		{381DA5BD-D5D1-442E-AE36-84D1838CEF82}.Debug|Any CPU.Build.0 = Debug|Any CPU
		{381DA5BD-D5D1-442E-AE36-84D1838CEF82}.Release|Any CPU.ActiveCfg = Release|Any CPU
		{381DA5BD-D5D1-442E-AE36-84D1838CEF82}.Release|Any CPU.Build.0 = Release|Any CPU
		{C324B9F0-AECA-4B96-BFA7-4DB3981D9C67}.Debug|Any CPU.ActiveCfg = Debug|Any CPU
		{C324B9F0-AECA-4B96-BFA7-4DB3981D9C67}.Debug|Any CPU.Build.0 = Debug|Any CPU
		{C324B9F0-AECA-4B96-BFA7-4DB3981D9C67}.Release|Any CPU.ActiveCfg = Release|Any CPU
		{C324B9F0-AECA-4B96-BFA7-4DB3981D9C67}.Release|Any CPU.Build.0 = Release|Any CPU
		{956BA5EC-9232-4420-BC23-29BE6FE439CC}.Debug|Any CPU.ActiveCfg = Debug|Any CPU
		{956BA5EC-9232-4420-BC23-29BE6FE439CC}.Debug|Any CPU.Build.0 = Debug|Any CPU
		{956BA5EC-9232-4420-BC23-29BE6FE439CC}.Release|Any CPU.ActiveCfg = Release|Any CPU
		{956BA5EC-9232-4420-BC23-29BE6FE439CC}.Release|Any CPU.Build.0 = Release|Any CPU
		{6996645B-E968-43FF-9CC4-ADC6E80680FA}.Debug|Any CPU.ActiveCfg = Debug|Any CPU
		{6996645B-E968-43FF-9CC4-ADC6E80680FA}.Debug|Any CPU.Build.0 = Debug|Any CPU
		{6996645B-E968-43FF-9CC4-ADC6E80680FA}.Release|Any CPU.ActiveCfg = Release|Any CPU
		{6996645B-E968-43FF-9CC4-ADC6E80680FA}.Release|Any CPU.Build.0 = Release|Any CPU
		{D1C26B9E-066F-4429-8495-B14D17EC8A41}.Debug|Any CPU.ActiveCfg = Debug|Any CPU
		{D1C26B9E-066F-4429-8495-B14D17EC8A41}.Debug|Any CPU.Build.0 = Debug|Any CPU
		{D1C26B9E-066F-4429-8495-B14D17EC8A41}.Release|Any CPU.ActiveCfg = Release|Any CPU
		{D1C26B9E-066F-4429-8495-B14D17EC8A41}.Release|Any CPU.Build.0 = Release|Any CPU
		{EFA2D330-1A64-4915-82F4-17F09F96D8A7}.Debug|Any CPU.ActiveCfg = Debug|Any CPU
		{EFA2D330-1A64-4915-82F4-17F09F96D8A7}.Debug|Any CPU.Build.0 = Debug|Any CPU
		{EFA2D330-1A64-4915-82F4-17F09F96D8A7}.Release|Any CPU.ActiveCfg = Release|Any CPU
		{EFA2D330-1A64-4915-82F4-17F09F96D8A7}.Release|Any CPU.Build.0 = Release|Any CPU
		{D6AC4745-F898-42F4-A547-EEDC041B9618}.Debug|Any CPU.ActiveCfg = Debug|Any CPU
		{D6AC4745-F898-42F4-A547-EEDC041B9618}.Debug|Any CPU.Build.0 = Debug|Any CPU
		{D6AC4745-F898-42F4-A547-EEDC041B9618}.Release|Any CPU.ActiveCfg = Release|Any CPU
		{D6AC4745-F898-42F4-A547-EEDC041B9618}.Release|Any CPU.Build.0 = Release|Any CPU
		{D1C85412-DC99-403D-A291-F2923BCC02E7}.Debug|Any CPU.ActiveCfg = Debug|Any CPU
		{D1C85412-DC99-403D-A291-F2923BCC02E7}.Debug|Any CPU.Build.0 = Debug|Any CPU
		{D1C85412-DC99-403D-A291-F2923BCC02E7}.Release|Any CPU.ActiveCfg = Release|Any CPU
		{D1C85412-DC99-403D-A291-F2923BCC02E7}.Release|Any CPU.Build.0 = Release|Any CPU
		{D86CEC0F-8B8A-4C0D-BE4F-EA0EDEB99AF2}.Debug|Any CPU.ActiveCfg = Debug|Any CPU
		{D86CEC0F-8B8A-4C0D-BE4F-EA0EDEB99AF2}.Debug|Any CPU.Build.0 = Debug|Any CPU
		{D86CEC0F-8B8A-4C0D-BE4F-EA0EDEB99AF2}.Release|Any CPU.ActiveCfg = Release|Any CPU
		{D86CEC0F-8B8A-4C0D-BE4F-EA0EDEB99AF2}.Release|Any CPU.Build.0 = Release|Any CPU
		{CD4B4504-DD61-4BD0-BA92-883E73152CFA}.Debug|Any CPU.ActiveCfg = Debug|Any CPU
		{CD4B4504-DD61-4BD0-BA92-883E73152CFA}.Debug|Any CPU.Build.0 = Debug|Any CPU
		{CD4B4504-DD61-4BD0-BA92-883E73152CFA}.Release|Any CPU.ActiveCfg = Release|Any CPU
		{CD4B4504-DD61-4BD0-BA92-883E73152CFA}.Release|Any CPU.Build.0 = Release|Any CPU
		{1FC10C65-2BDF-41B7-9438-0819F4132766}.Debug|Any CPU.ActiveCfg = Debug|Any CPU
		{1FC10C65-2BDF-41B7-9438-0819F4132766}.Debug|Any CPU.Build.0 = Debug|Any CPU
		{1FC10C65-2BDF-41B7-9438-0819F4132766}.Release|Any CPU.ActiveCfg = Release|Any CPU
		{1FC10C65-2BDF-41B7-9438-0819F4132766}.Release|Any CPU.Build.0 = Release|Any CPU
		{98FBB932-C3DC-449C-A8D4-C54E89E84CA7}.Debug|Any CPU.ActiveCfg = Debug|Any CPU
		{98FBB932-C3DC-449C-A8D4-C54E89E84CA7}.Debug|Any CPU.Build.0 = Debug|Any CPU
		{98FBB932-C3DC-449C-A8D4-C54E89E84CA7}.Release|Any CPU.ActiveCfg = Release|Any CPU
		{98FBB932-C3DC-449C-A8D4-C54E89E84CA7}.Release|Any CPU.Build.0 = Release|Any CPU
		{6414E18E-EA46-48A3-810A-15D73E875A09}.Debug|Any CPU.ActiveCfg = Debug|Any CPU
		{6414E18E-EA46-48A3-810A-15D73E875A09}.Debug|Any CPU.Build.0 = Debug|Any CPU
		{6414E18E-EA46-48A3-810A-15D73E875A09}.Release|Any CPU.ActiveCfg = Release|Any CPU
		{6414E18E-EA46-48A3-810A-15D73E875A09}.Release|Any CPU.Build.0 = Release|Any CPU
		{7AF3ADE5-D2EF-4210-ADF2-537A86E5D64C}.Debug|Any CPU.ActiveCfg = Debug|Any CPU
		{7AF3ADE5-D2EF-4210-ADF2-537A86E5D64C}.Debug|Any CPU.Build.0 = Debug|Any CPU
		{7AF3ADE5-D2EF-4210-ADF2-537A86E5D64C}.Release|Any CPU.ActiveCfg = Release|Any CPU
		{7AF3ADE5-D2EF-4210-ADF2-537A86E5D64C}.Release|Any CPU.Build.0 = Release|Any CPU
		{AF4B760D-8F47-4124-909E-6824CD552A74}.Debug|Any CPU.ActiveCfg = Debug|Any CPU
		{AF4B760D-8F47-4124-909E-6824CD552A74}.Debug|Any CPU.Build.0 = Debug|Any CPU
		{AF4B760D-8F47-4124-909E-6824CD552A74}.Release|Any CPU.ActiveCfg = Release|Any CPU
		{AF4B760D-8F47-4124-909E-6824CD552A74}.Release|Any CPU.Build.0 = Release|Any CPU
		{DED0524E-1E8A-4601-82A0-1909150C72F1}.Debug|Any CPU.ActiveCfg = Debug|Any CPU
		{DED0524E-1E8A-4601-82A0-1909150C72F1}.Debug|Any CPU.Build.0 = Debug|Any CPU
		{DED0524E-1E8A-4601-82A0-1909150C72F1}.Release|Any CPU.ActiveCfg = Release|Any CPU
		{DED0524E-1E8A-4601-82A0-1909150C72F1}.Release|Any CPU.Build.0 = Release|Any CPU
		{4244B994-8103-44EB-9303-16E1296310FD}.Debug|Any CPU.ActiveCfg = Debug|Any CPU
		{4244B994-8103-44EB-9303-16E1296310FD}.Debug|Any CPU.Build.0 = Debug|Any CPU
		{4244B994-8103-44EB-9303-16E1296310FD}.Release|Any CPU.ActiveCfg = Release|Any CPU
		{4244B994-8103-44EB-9303-16E1296310FD}.Release|Any CPU.Build.0 = Release|Any CPU
		{6324EF38-D339-4A78-AEED-A41537E8DD92}.Debug|Any CPU.ActiveCfg = Debug|Any CPU
		{6324EF38-D339-4A78-AEED-A41537E8DD92}.Debug|Any CPU.Build.0 = Debug|Any CPU
		{6324EF38-D339-4A78-AEED-A41537E8DD92}.Release|Any CPU.ActiveCfg = Release|Any CPU
		{6324EF38-D339-4A78-AEED-A41537E8DD92}.Release|Any CPU.Build.0 = Release|Any CPU
		{9FD822CD-E7DE-4B06-BD2A-B6EDFF6A4B34}.Debug|Any CPU.ActiveCfg = Debug|Any CPU
		{9FD822CD-E7DE-4B06-BD2A-B6EDFF6A4B34}.Debug|Any CPU.Build.0 = Debug|Any CPU
		{9FD822CD-E7DE-4B06-BD2A-B6EDFF6A4B34}.Release|Any CPU.ActiveCfg = Release|Any CPU
		{9FD822CD-E7DE-4B06-BD2A-B6EDFF6A4B34}.Release|Any CPU.Build.0 = Release|Any CPU
		{F58273F9-A2F4-4B7A-A717-DD9A82B7DE81}.Debug|Any CPU.ActiveCfg = Debug|Any CPU
		{F58273F9-A2F4-4B7A-A717-DD9A82B7DE81}.Debug|Any CPU.Build.0 = Debug|Any CPU
		{F58273F9-A2F4-4B7A-A717-DD9A82B7DE81}.Release|Any CPU.ActiveCfg = Release|Any CPU
		{F58273F9-A2F4-4B7A-A717-DD9A82B7DE81}.Release|Any CPU.Build.0 = Release|Any CPU
		{D6408007-7F39-4D5B-822D-086B509AE95C}.Debug|Any CPU.ActiveCfg = Debug|Any CPU
		{D6408007-7F39-4D5B-822D-086B509AE95C}.Debug|Any CPU.Build.0 = Debug|Any CPU
		{D6408007-7F39-4D5B-822D-086B509AE95C}.Release|Any CPU.ActiveCfg = Release|Any CPU
		{D6408007-7F39-4D5B-822D-086B509AE95C}.Release|Any CPU.Build.0 = Release|Any CPU
		{FFAF6123-8A64-47B3-B2AC-E02E87FD7B51}.Debug|Any CPU.ActiveCfg = Debug|Any CPU
		{FFAF6123-8A64-47B3-B2AC-E02E87FD7B51}.Debug|Any CPU.Build.0 = Debug|Any CPU
		{FFAF6123-8A64-47B3-B2AC-E02E87FD7B51}.Release|Any CPU.ActiveCfg = Release|Any CPU
		{FFAF6123-8A64-47B3-B2AC-E02E87FD7B51}.Release|Any CPU.Build.0 = Release|Any CPU
		{1BE977D5-1629-47D2-9AE3-860B6394BA66}.Debug|Any CPU.ActiveCfg = Debug|Any CPU
		{1BE977D5-1629-47D2-9AE3-860B6394BA66}.Debug|Any CPU.Build.0 = Debug|Any CPU
		{1BE977D5-1629-47D2-9AE3-860B6394BA66}.Release|Any CPU.ActiveCfg = Release|Any CPU
		{1BE977D5-1629-47D2-9AE3-860B6394BA66}.Release|Any CPU.Build.0 = Release|Any CPU
		{495D7C02-7945-4C18-9B20-9E49CD7B4CBE}.Debug|Any CPU.ActiveCfg = Debug|Any CPU
		{495D7C02-7945-4C18-9B20-9E49CD7B4CBE}.Debug|Any CPU.Build.0 = Debug|Any CPU
		{495D7C02-7945-4C18-9B20-9E49CD7B4CBE}.Release|Any CPU.ActiveCfg = Release|Any CPU
		{495D7C02-7945-4C18-9B20-9E49CD7B4CBE}.Release|Any CPU.Build.0 = Release|Any CPU
		{782C0B8B-B21E-4114-92D8-1BBB2DB608CC}.Debug|Any CPU.ActiveCfg = Debug|Any CPU
		{782C0B8B-B21E-4114-92D8-1BBB2DB608CC}.Debug|Any CPU.Build.0 = Debug|Any CPU
		{782C0B8B-B21E-4114-92D8-1BBB2DB608CC}.Release|Any CPU.ActiveCfg = Release|Any CPU
		{782C0B8B-B21E-4114-92D8-1BBB2DB608CC}.Release|Any CPU.Build.0 = Release|Any CPU
		{CFF41457-ABA5-4ABE-8232-51F753A2FE64}.Debug|Any CPU.ActiveCfg = Debug|Any CPU
		{CFF41457-ABA5-4ABE-8232-51F753A2FE64}.Debug|Any CPU.Build.0 = Debug|Any CPU
		{CFF41457-ABA5-4ABE-8232-51F753A2FE64}.Release|Any CPU.ActiveCfg = Release|Any CPU
		{CFF41457-ABA5-4ABE-8232-51F753A2FE64}.Release|Any CPU.Build.0 = Release|Any CPU
		{A7BA368A-33EF-4FD6-9CBC-9679C30E5AE4}.Debug|Any CPU.ActiveCfg = Debug|Any CPU
		{A7BA368A-33EF-4FD6-9CBC-9679C30E5AE4}.Debug|Any CPU.Build.0 = Debug|Any CPU
		{A7BA368A-33EF-4FD6-9CBC-9679C30E5AE4}.Release|Any CPU.ActiveCfg = Release|Any CPU
		{A7BA368A-33EF-4FD6-9CBC-9679C30E5AE4}.Release|Any CPU.Build.0 = Release|Any CPU
		{6CAD3826-DB91-4CB0-B432-16A0372A526E}.Debug|Any CPU.ActiveCfg = Debug|Any CPU
		{6CAD3826-DB91-4CB0-B432-16A0372A526E}.Debug|Any CPU.Build.0 = Debug|Any CPU
		{6CAD3826-DB91-4CB0-B432-16A0372A526E}.Release|Any CPU.ActiveCfg = Release|Any CPU
		{6CAD3826-DB91-4CB0-B432-16A0372A526E}.Release|Any CPU.Build.0 = Release|Any CPU
		{D344641A-181B-4644-AF69-C35F749A92FE}.Debug|Any CPU.ActiveCfg = Debug|Any CPU
		{D344641A-181B-4644-AF69-C35F749A92FE}.Debug|Any CPU.Build.0 = Debug|Any CPU
		{D344641A-181B-4644-AF69-C35F749A92FE}.Release|Any CPU.ActiveCfg = Release|Any CPU
		{D344641A-181B-4644-AF69-C35F749A92FE}.Release|Any CPU.Build.0 = Release|Any CPU
		{024215E4-9022-4A45-85A0-1233908DC8BD}.Debug|Any CPU.ActiveCfg = Debug|Any CPU
		{024215E4-9022-4A45-85A0-1233908DC8BD}.Debug|Any CPU.Build.0 = Debug|Any CPU
		{024215E4-9022-4A45-85A0-1233908DC8BD}.Release|Any CPU.ActiveCfg = Release|Any CPU
		{024215E4-9022-4A45-85A0-1233908DC8BD}.Release|Any CPU.Build.0 = Release|Any CPU
		{02327B5A-3408-4928-BED7-2D6D1369349C}.Debug|Any CPU.ActiveCfg = Debug|Any CPU
		{02327B5A-3408-4928-BED7-2D6D1369349C}.Debug|Any CPU.Build.0 = Debug|Any CPU
		{02327B5A-3408-4928-BED7-2D6D1369349C}.Release|Any CPU.ActiveCfg = Release|Any CPU
		{02327B5A-3408-4928-BED7-2D6D1369349C}.Release|Any CPU.Build.0 = Release|Any CPU
		{240E6384-74B7-4222-9A2F-D73960B8FEB7}.Debug|Any CPU.ActiveCfg = Debug|Any CPU
		{240E6384-74B7-4222-9A2F-D73960B8FEB7}.Debug|Any CPU.Build.0 = Debug|Any CPU
		{240E6384-74B7-4222-9A2F-D73960B8FEB7}.Release|Any CPU.ActiveCfg = Release|Any CPU
		{240E6384-74B7-4222-9A2F-D73960B8FEB7}.Release|Any CPU.Build.0 = Release|Any CPU
		{5190B637-7A0F-41F0-B0B0-53C11832B1C0}.Debug|Any CPU.ActiveCfg = Debug|Any CPU
		{5190B637-7A0F-41F0-B0B0-53C11832B1C0}.Debug|Any CPU.Build.0 = Debug|Any CPU
		{5190B637-7A0F-41F0-B0B0-53C11832B1C0}.Release|Any CPU.ActiveCfg = Release|Any CPU
		{5190B637-7A0F-41F0-B0B0-53C11832B1C0}.Release|Any CPU.Build.0 = Release|Any CPU
		{DDF318F2-D244-4D2A-B26F-E539D9E2AEE8}.Debug|Any CPU.ActiveCfg = Debug|Any CPU
		{DDF318F2-D244-4D2A-B26F-E539D9E2AEE8}.Debug|Any CPU.Build.0 = Debug|Any CPU
		{DDF318F2-D244-4D2A-B26F-E539D9E2AEE8}.Release|Any CPU.ActiveCfg = Release|Any CPU
		{DDF318F2-D244-4D2A-B26F-E539D9E2AEE8}.Release|Any CPU.Build.0 = Release|Any CPU
		{7A352273-5EB5-4033-8377-0127DAECA4D0}.Debug|Any CPU.ActiveCfg = Debug|Any CPU
		{7A352273-5EB5-4033-8377-0127DAECA4D0}.Debug|Any CPU.Build.0 = Debug|Any CPU
		{7A352273-5EB5-4033-8377-0127DAECA4D0}.Release|Any CPU.ActiveCfg = Release|Any CPU
		{7A352273-5EB5-4033-8377-0127DAECA4D0}.Release|Any CPU.Build.0 = Release|Any CPU
		{A6383E95-8817-45E3-BE58-75563219B2FB}.Debug|Any CPU.ActiveCfg = Debug|Any CPU
		{A6383E95-8817-45E3-BE58-75563219B2FB}.Debug|Any CPU.Build.0 = Debug|Any CPU
		{A6383E95-8817-45E3-BE58-75563219B2FB}.Release|Any CPU.ActiveCfg = Release|Any CPU
		{A6383E95-8817-45E3-BE58-75563219B2FB}.Release|Any CPU.Build.0 = Release|Any CPU
		{B9CBFF56-92A8-44D3-9DD8-F885223DCC84}.Debug|Any CPU.ActiveCfg = Debug|Any CPU
		{B9CBFF56-92A8-44D3-9DD8-F885223DCC84}.Debug|Any CPU.Build.0 = Debug|Any CPU
		{B9CBFF56-92A8-44D3-9DD8-F885223DCC84}.Release|Any CPU.ActiveCfg = Release|Any CPU
		{B9CBFF56-92A8-44D3-9DD8-F885223DCC84}.Release|Any CPU.Build.0 = Release|Any CPU
		{D6103A46-A3C0-4349-BF53-21C25A3140AD}.Debug|Any CPU.ActiveCfg = Debug|Any CPU
		{D6103A46-A3C0-4349-BF53-21C25A3140AD}.Debug|Any CPU.Build.0 = Debug|Any CPU
		{D6103A46-A3C0-4349-BF53-21C25A3140AD}.Release|Any CPU.ActiveCfg = Release|Any CPU
		{D6103A46-A3C0-4349-BF53-21C25A3140AD}.Release|Any CPU.Build.0 = Release|Any CPU
		{3BC3BDDD-3EE0-48D9-A13B-F5B699B07B22}.Debug|Any CPU.ActiveCfg = Debug|Any CPU
		{3BC3BDDD-3EE0-48D9-A13B-F5B699B07B22}.Debug|Any CPU.Build.0 = Debug|Any CPU
		{3BC3BDDD-3EE0-48D9-A13B-F5B699B07B22}.Release|Any CPU.ActiveCfg = Release|Any CPU
		{3BC3BDDD-3EE0-48D9-A13B-F5B699B07B22}.Release|Any CPU.Build.0 = Release|Any CPU
		{0D32A97C-AED2-4433-B967-BDF7B6DF009E}.Debug|Any CPU.ActiveCfg = Debug|Any CPU
		{0D32A97C-AED2-4433-B967-BDF7B6DF009E}.Debug|Any CPU.Build.0 = Debug|Any CPU
		{0D32A97C-AED2-4433-B967-BDF7B6DF009E}.Release|Any CPU.ActiveCfg = Release|Any CPU
		{0D32A97C-AED2-4433-B967-BDF7B6DF009E}.Release|Any CPU.Build.0 = Release|Any CPU
		{1E478B36-AC1B-4273-975C-6E6109ACFE55}.Debug|Any CPU.ActiveCfg = Debug|Any CPU
		{1E478B36-AC1B-4273-975C-6E6109ACFE55}.Debug|Any CPU.Build.0 = Debug|Any CPU
		{1E478B36-AC1B-4273-975C-6E6109ACFE55}.Release|Any CPU.ActiveCfg = Release|Any CPU
		{1E478B36-AC1B-4273-975C-6E6109ACFE55}.Release|Any CPU.Build.0 = Release|Any CPU
		{7B5AA120-FFFB-42B2-B81C-D25B33A3128D}.Debug|Any CPU.ActiveCfg = Debug|Any CPU
		{7B5AA120-FFFB-42B2-B81C-D25B33A3128D}.Debug|Any CPU.Build.0 = Debug|Any CPU
		{7B5AA120-FFFB-42B2-B81C-D25B33A3128D}.Release|Any CPU.ActiveCfg = Release|Any CPU
		{7B5AA120-FFFB-42B2-B81C-D25B33A3128D}.Release|Any CPU.Build.0 = Release|Any CPU
		{76F98859-2A98-4DA4-8778-4FD925D82AD5}.Debug|Any CPU.ActiveCfg = Debug|Any CPU
		{76F98859-2A98-4DA4-8778-4FD925D82AD5}.Debug|Any CPU.Build.0 = Debug|Any CPU
		{76F98859-2A98-4DA4-8778-4FD925D82AD5}.Release|Any CPU.ActiveCfg = Release|Any CPU
		{76F98859-2A98-4DA4-8778-4FD925D82AD5}.Release|Any CPU.Build.0 = Release|Any CPU
		{DC1ECA8C-0CDB-48E8-8FC8-05AA1939C7B7}.Debug|Any CPU.ActiveCfg = Debug|Any CPU
		{DC1ECA8C-0CDB-48E8-8FC8-05AA1939C7B7}.Debug|Any CPU.Build.0 = Debug|Any CPU
		{DC1ECA8C-0CDB-48E8-8FC8-05AA1939C7B7}.Release|Any CPU.ActiveCfg = Release|Any CPU
		{DC1ECA8C-0CDB-48E8-8FC8-05AA1939C7B7}.Release|Any CPU.Build.0 = Release|Any CPU
		{93AC468E-2D4E-4D05-81CD-A38ACAE32F65}.Debug|Any CPU.ActiveCfg = Debug|Any CPU
		{93AC468E-2D4E-4D05-81CD-A38ACAE32F65}.Debug|Any CPU.Build.0 = Debug|Any CPU
		{93AC468E-2D4E-4D05-81CD-A38ACAE32F65}.Release|Any CPU.ActiveCfg = Release|Any CPU
		{93AC468E-2D4E-4D05-81CD-A38ACAE32F65}.Release|Any CPU.Build.0 = Release|Any CPU
		{184DD2EF-B10E-42E5-B688-35FE2DE4DFB0}.Debug|Any CPU.ActiveCfg = Debug|Any CPU
		{184DD2EF-B10E-42E5-B688-35FE2DE4DFB0}.Debug|Any CPU.Build.0 = Debug|Any CPU
		{184DD2EF-B10E-42E5-B688-35FE2DE4DFB0}.Release|Any CPU.ActiveCfg = Release|Any CPU
		{184DD2EF-B10E-42E5-B688-35FE2DE4DFB0}.Release|Any CPU.Build.0 = Release|Any CPU
		{79A748B0-244F-4330-9A69-C7ABC595021A}.Debug|Any CPU.ActiveCfg = Debug|Any CPU
		{79A748B0-244F-4330-9A69-C7ABC595021A}.Debug|Any CPU.Build.0 = Debug|Any CPU
		{79A748B0-244F-4330-9A69-C7ABC595021A}.Release|Any CPU.ActiveCfg = Release|Any CPU
		{79A748B0-244F-4330-9A69-C7ABC595021A}.Release|Any CPU.Build.0 = Release|Any CPU
		{1C383955-2B13-4A61-BB2D-7B5814F3D71A}.Debug|Any CPU.ActiveCfg = Debug|Any CPU
		{1C383955-2B13-4A61-BB2D-7B5814F3D71A}.Debug|Any CPU.Build.0 = Debug|Any CPU
		{1C383955-2B13-4A61-BB2D-7B5814F3D71A}.Release|Any CPU.ActiveCfg = Release|Any CPU
		{1C383955-2B13-4A61-BB2D-7B5814F3D71A}.Release|Any CPU.Build.0 = Release|Any CPU
		{BE44062B-E0A1-442B-A2B8-4F4EF04313E5}.Debug|Any CPU.ActiveCfg = Debug|Any CPU
		{BE44062B-E0A1-442B-A2B8-4F4EF04313E5}.Debug|Any CPU.Build.0 = Debug|Any CPU
		{BE44062B-E0A1-442B-A2B8-4F4EF04313E5}.Release|Any CPU.ActiveCfg = Release|Any CPU
		{BE44062B-E0A1-442B-A2B8-4F4EF04313E5}.Release|Any CPU.Build.0 = Release|Any CPU
		{438C269F-8BF6-4C49-964F-A43330F516E3}.Debug|Any CPU.ActiveCfg = Debug|Any CPU
		{438C269F-8BF6-4C49-964F-A43330F516E3}.Debug|Any CPU.Build.0 = Debug|Any CPU
		{438C269F-8BF6-4C49-964F-A43330F516E3}.Release|Any CPU.ActiveCfg = Release|Any CPU
		{438C269F-8BF6-4C49-964F-A43330F516E3}.Release|Any CPU.Build.0 = Release|Any CPU
		{1235C98C-7414-41B1-9F2E-36D20EA736E2}.Debug|Any CPU.ActiveCfg = Debug|Any CPU
		{1235C98C-7414-41B1-9F2E-36D20EA736E2}.Debug|Any CPU.Build.0 = Debug|Any CPU
		{1235C98C-7414-41B1-9F2E-36D20EA736E2}.Release|Any CPU.ActiveCfg = Release|Any CPU
		{1235C98C-7414-41B1-9F2E-36D20EA736E2}.Release|Any CPU.Build.0 = Release|Any CPU
		{C8024C53-585E-4C33-ACEE-E13F7BD96D34}.Debug|Any CPU.ActiveCfg = Debug|Any CPU
		{C8024C53-585E-4C33-ACEE-E13F7BD96D34}.Debug|Any CPU.Build.0 = Debug|Any CPU
		{C8024C53-585E-4C33-ACEE-E13F7BD96D34}.Release|Any CPU.ActiveCfg = Release|Any CPU
		{C8024C53-585E-4C33-ACEE-E13F7BD96D34}.Release|Any CPU.Build.0 = Release|Any CPU
		{C217D6FA-6B26-413D-9B26-6DC90F60E23C}.Debug|Any CPU.ActiveCfg = Debug|Any CPU
		{C217D6FA-6B26-413D-9B26-6DC90F60E23C}.Debug|Any CPU.Build.0 = Debug|Any CPU
		{C217D6FA-6B26-413D-9B26-6DC90F60E23C}.Release|Any CPU.ActiveCfg = Release|Any CPU
		{C217D6FA-6B26-413D-9B26-6DC90F60E23C}.Release|Any CPU.Build.0 = Release|Any CPU
		{5699A04E-5CAA-43A1-BB34-849AC40D374E}.Debug|Any CPU.ActiveCfg = Debug|Any CPU
		{5699A04E-5CAA-43A1-BB34-849AC40D374E}.Debug|Any CPU.Build.0 = Debug|Any CPU
		{5699A04E-5CAA-43A1-BB34-849AC40D374E}.Release|Any CPU.ActiveCfg = Release|Any CPU
		{5699A04E-5CAA-43A1-BB34-849AC40D374E}.Release|Any CPU.Build.0 = Release|Any CPU
		{62FBCFAE-AFC3-4C61-B8DB-0E26A910D36B}.Debug|Any CPU.ActiveCfg = Debug|Any CPU
		{62FBCFAE-AFC3-4C61-B8DB-0E26A910D36B}.Debug|Any CPU.Build.0 = Debug|Any CPU
		{62FBCFAE-AFC3-4C61-B8DB-0E26A910D36B}.Release|Any CPU.ActiveCfg = Release|Any CPU
		{62FBCFAE-AFC3-4C61-B8DB-0E26A910D36B}.Release|Any CPU.Build.0 = Release|Any CPU
		{39F81DAF-91EE-4630-9653-3F173A3DA9A2}.Debug|Any CPU.ActiveCfg = Debug|Any CPU
		{39F81DAF-91EE-4630-9653-3F173A3DA9A2}.Debug|Any CPU.Build.0 = Debug|Any CPU
		{39F81DAF-91EE-4630-9653-3F173A3DA9A2}.Release|Any CPU.ActiveCfg = Release|Any CPU
		{39F81DAF-91EE-4630-9653-3F173A3DA9A2}.Release|Any CPU.Build.0 = Release|Any CPU
		{615757CD-4602-4A45-A838-54B757941BAF}.Debug|Any CPU.ActiveCfg = Debug|Any CPU
		{615757CD-4602-4A45-A838-54B757941BAF}.Debug|Any CPU.Build.0 = Debug|Any CPU
		{615757CD-4602-4A45-A838-54B757941BAF}.Release|Any CPU.ActiveCfg = Release|Any CPU
		{615757CD-4602-4A45-A838-54B757941BAF}.Release|Any CPU.Build.0 = Release|Any CPU
		{3A68377F-F75A-4080-B321-2F6CF1638F40}.Debug|Any CPU.ActiveCfg = Debug|Any CPU
		{3A68377F-F75A-4080-B321-2F6CF1638F40}.Debug|Any CPU.Build.0 = Debug|Any CPU
		{3A68377F-F75A-4080-B321-2F6CF1638F40}.Release|Any CPU.ActiveCfg = Release|Any CPU
		{3A68377F-F75A-4080-B321-2F6CF1638F40}.Release|Any CPU.Build.0 = Release|Any CPU
		{58F1EF68-538E-EBF9-4F25-FF1F528E3660}.Debug|Any CPU.ActiveCfg = Debug|Any CPU
		{58F1EF68-538E-EBF9-4F25-FF1F528E3660}.Debug|Any CPU.Build.0 = Debug|Any CPU
		{58F1EF68-538E-EBF9-4F25-FF1F528E3660}.Release|Any CPU.ActiveCfg = Release|Any CPU
		{58F1EF68-538E-EBF9-4F25-FF1F528E3660}.Release|Any CPU.Build.0 = Release|Any CPU
		{551E05B0-CC68-7920-7287-55EC02E97BA9}.Debug|Any CPU.ActiveCfg = Debug|Any CPU
		{551E05B0-CC68-7920-7287-55EC02E97BA9}.Debug|Any CPU.Build.0 = Debug|Any CPU
		{551E05B0-CC68-7920-7287-55EC02E97BA9}.Release|Any CPU.ActiveCfg = Release|Any CPU
		{551E05B0-CC68-7920-7287-55EC02E97BA9}.Release|Any CPU.Build.0 = Release|Any CPU
		{481D2A34-0496-6672-9B66-A0DF3D45FEDA}.Debug|Any CPU.ActiveCfg = Debug|Any CPU
		{481D2A34-0496-6672-9B66-A0DF3D45FEDA}.Debug|Any CPU.Build.0 = Debug|Any CPU
		{481D2A34-0496-6672-9B66-A0DF3D45FEDA}.Release|Any CPU.ActiveCfg = Release|Any CPU
		{481D2A34-0496-6672-9B66-A0DF3D45FEDA}.Release|Any CPU.Build.0 = Release|Any CPU
		{1966FCB9-03C0-A419-0C0A-EC1319A5E25B}.Debug|Any CPU.ActiveCfg = Debug|Any CPU
		{1966FCB9-03C0-A419-0C0A-EC1319A5E25B}.Debug|Any CPU.Build.0 = Debug|Any CPU
		{1966FCB9-03C0-A419-0C0A-EC1319A5E25B}.Release|Any CPU.ActiveCfg = Release|Any CPU
		{1966FCB9-03C0-A419-0C0A-EC1319A5E25B}.Release|Any CPU.Build.0 = Release|Any CPU
		{5D0B35F5-C8BE-BDA7-E493-2BB0AEF0A834}.Debug|Any CPU.ActiveCfg = Debug|Any CPU
		{5D0B35F5-C8BE-BDA7-E493-2BB0AEF0A834}.Debug|Any CPU.Build.0 = Debug|Any CPU
		{5D0B35F5-C8BE-BDA7-E493-2BB0AEF0A834}.Release|Any CPU.ActiveCfg = Release|Any CPU
		{5D0B35F5-C8BE-BDA7-E493-2BB0AEF0A834}.Release|Any CPU.Build.0 = Release|Any CPU
		{271614EC-F2F0-12C7-C5A8-A6FD9D88985D}.Debug|Any CPU.ActiveCfg = Debug|Any CPU
		{271614EC-F2F0-12C7-C5A8-A6FD9D88985D}.Debug|Any CPU.Build.0 = Debug|Any CPU
		{271614EC-F2F0-12C7-C5A8-A6FD9D88985D}.Release|Any CPU.ActiveCfg = Release|Any CPU
		{271614EC-F2F0-12C7-C5A8-A6FD9D88985D}.Release|Any CPU.Build.0 = Release|Any CPU
		{2A3F21F8-AECB-178B-70EC-FF459814810F}.Debug|Any CPU.ActiveCfg = Debug|Any CPU
		{2A3F21F8-AECB-178B-70EC-FF459814810F}.Debug|Any CPU.Build.0 = Debug|Any CPU
		{2A3F21F8-AECB-178B-70EC-FF459814810F}.Release|Any CPU.ActiveCfg = Release|Any CPU
		{2A3F21F8-AECB-178B-70EC-FF459814810F}.Release|Any CPU.Build.0 = Release|Any CPU
		{B61C293A-8B81-77A2-5243-03D7B4EC1EAD}.Debug|Any CPU.ActiveCfg = Debug|Any CPU
		{B61C293A-8B81-77A2-5243-03D7B4EC1EAD}.Debug|Any CPU.Build.0 = Debug|Any CPU
		{B61C293A-8B81-77A2-5243-03D7B4EC1EAD}.Release|Any CPU.ActiveCfg = Release|Any CPU
		{B61C293A-8B81-77A2-5243-03D7B4EC1EAD}.Release|Any CPU.Build.0 = Release|Any CPU
		{FC648959-1660-9C76-4679-B011211AB04B}.Debug|Any CPU.ActiveCfg = Debug|Any CPU
		{FC648959-1660-9C76-4679-B011211AB04B}.Debug|Any CPU.Build.0 = Debug|Any CPU
		{FC648959-1660-9C76-4679-B011211AB04B}.Release|Any CPU.ActiveCfg = Release|Any CPU
		{FC648959-1660-9C76-4679-B011211AB04B}.Release|Any CPU.Build.0 = Release|Any CPU
		{14AB69B7-C3AD-4247-A3E2-C483EC022872}.Debug|Any CPU.ActiveCfg = Debug|Any CPU
		{14AB69B7-C3AD-4247-A3E2-C483EC022872}.Debug|Any CPU.Build.0 = Debug|Any CPU
		{14AB69B7-C3AD-4247-A3E2-C483EC022872}.Release|Any CPU.ActiveCfg = Release|Any CPU
		{14AB69B7-C3AD-4247-A3E2-C483EC022872}.Release|Any CPU.Build.0 = Release|Any CPU
		{80A4D9C8-296F-A91A-F25C-7FC50A79FEB5}.Debug|Any CPU.ActiveCfg = Debug|Any CPU
		{80A4D9C8-296F-A91A-F25C-7FC50A79FEB5}.Debug|Any CPU.Build.0 = Debug|Any CPU
		{80A4D9C8-296F-A91A-F25C-7FC50A79FEB5}.Release|Any CPU.ActiveCfg = Release|Any CPU
		{80A4D9C8-296F-A91A-F25C-7FC50A79FEB5}.Release|Any CPU.Build.0 = Release|Any CPU
		{6A0ECC37-A73E-00A0-D1D6-A913E5048216}.Debug|Any CPU.ActiveCfg = Debug|Any CPU
		{6A0ECC37-A73E-00A0-D1D6-A913E5048216}.Debug|Any CPU.Build.0 = Debug|Any CPU
		{6A0ECC37-A73E-00A0-D1D6-A913E5048216}.Release|Any CPU.ActiveCfg = Release|Any CPU
		{6A0ECC37-A73E-00A0-D1D6-A913E5048216}.Release|Any CPU.Build.0 = Release|Any CPU
		{DADB6D9A-AA1E-C8D4-CCA2-E7BB476517EB}.Debug|Any CPU.ActiveCfg = Debug|Any CPU
		{DADB6D9A-AA1E-C8D4-CCA2-E7BB476517EB}.Debug|Any CPU.Build.0 = Debug|Any CPU
		{DADB6D9A-AA1E-C8D4-CCA2-E7BB476517EB}.Release|Any CPU.ActiveCfg = Release|Any CPU
		{DADB6D9A-AA1E-C8D4-CCA2-E7BB476517EB}.Release|Any CPU.Build.0 = Release|Any CPU
		{C80DE5D8-B8D1-A41A-9470-D9A90CCC9334}.Debug|Any CPU.ActiveCfg = Debug|Any CPU
		{C80DE5D8-B8D1-A41A-9470-D9A90CCC9334}.Debug|Any CPU.Build.0 = Debug|Any CPU
		{C80DE5D8-B8D1-A41A-9470-D9A90CCC9334}.Release|Any CPU.ActiveCfg = Release|Any CPU
		{C80DE5D8-B8D1-A41A-9470-D9A90CCC9334}.Release|Any CPU.Build.0 = Release|Any CPU
		{7325BDEE-8B0F-DDF0-C93F-7DC7DE349EDF}.Debug|Any CPU.ActiveCfg = Debug|Any CPU
		{7325BDEE-8B0F-DDF0-C93F-7DC7DE349EDF}.Debug|Any CPU.Build.0 = Debug|Any CPU
		{7325BDEE-8B0F-DDF0-C93F-7DC7DE349EDF}.Release|Any CPU.ActiveCfg = Release|Any CPU
		{7325BDEE-8B0F-DDF0-C93F-7DC7DE349EDF}.Release|Any CPU.Build.0 = Release|Any CPU
		{8F5C81B0-F8FD-B1B1-DFC3-DC1F3A35FC01}.Debug|Any CPU.ActiveCfg = Debug|Any CPU
		{8F5C81B0-F8FD-B1B1-DFC3-DC1F3A35FC01}.Debug|Any CPU.Build.0 = Debug|Any CPU
		{8F5C81B0-F8FD-B1B1-DFC3-DC1F3A35FC01}.Release|Any CPU.ActiveCfg = Release|Any CPU
		{8F5C81B0-F8FD-B1B1-DFC3-DC1F3A35FC01}.Release|Any CPU.Build.0 = Release|Any CPU
		{E3AE4535-40C2-790B-D4E9-5ECB41F085BE}.Debug|Any CPU.ActiveCfg = Debug|Any CPU
		{E3AE4535-40C2-790B-D4E9-5ECB41F085BE}.Debug|Any CPU.Build.0 = Debug|Any CPU
		{E3AE4535-40C2-790B-D4E9-5ECB41F085BE}.Release|Any CPU.ActiveCfg = Release|Any CPU
		{E3AE4535-40C2-790B-D4E9-5ECB41F085BE}.Release|Any CPU.Build.0 = Release|Any CPU
		{E4014B39-EBB1-BCAF-D4F9-8253C9285513}.Debug|Any CPU.ActiveCfg = Debug|Any CPU
		{E4014B39-EBB1-BCAF-D4F9-8253C9285513}.Debug|Any CPU.Build.0 = Debug|Any CPU
		{E4014B39-EBB1-BCAF-D4F9-8253C9285513}.Release|Any CPU.ActiveCfg = Release|Any CPU
		{E4014B39-EBB1-BCAF-D4F9-8253C9285513}.Release|Any CPU.Build.0 = Release|Any CPU
		{0CFB8D2A-561D-8294-FF27-5E66A6546BBC}.Debug|Any CPU.ActiveCfg = Debug|Any CPU
		{0CFB8D2A-561D-8294-FF27-5E66A6546BBC}.Debug|Any CPU.Build.0 = Debug|Any CPU
		{0CFB8D2A-561D-8294-FF27-5E66A6546BBC}.Release|Any CPU.ActiveCfg = Release|Any CPU
		{0CFB8D2A-561D-8294-FF27-5E66A6546BBC}.Release|Any CPU.Build.0 = Release|Any CPU
		{8FF9E73F-0193-9DB9-1762-FC80B87A0C1A}.Debug|Any CPU.ActiveCfg = Debug|Any CPU
		{8FF9E73F-0193-9DB9-1762-FC80B87A0C1A}.Debug|Any CPU.Build.0 = Debug|Any CPU
		{8FF9E73F-0193-9DB9-1762-FC80B87A0C1A}.Release|Any CPU.ActiveCfg = Release|Any CPU
		{8FF9E73F-0193-9DB9-1762-FC80B87A0C1A}.Release|Any CPU.Build.0 = Release|Any CPU
		{6A0B3979-61C2-AFF7-743A-A49C6F99B3C3}.Debug|Any CPU.ActiveCfg = Debug|Any CPU
		{6A0B3979-61C2-AFF7-743A-A49C6F99B3C3}.Debug|Any CPU.Build.0 = Debug|Any CPU
		{6A0B3979-61C2-AFF7-743A-A49C6F99B3C3}.Release|Any CPU.ActiveCfg = Release|Any CPU
		{6A0B3979-61C2-AFF7-743A-A49C6F99B3C3}.Release|Any CPU.Build.0 = Release|Any CPU
	EndGlobalSection
	GlobalSection(SolutionProperties) = preSolution
		HideSolutionNode = FALSE
	EndGlobalSection
	GlobalSection(NestedProjects) = preSolution
		{34DDF008-1399-4B78-BDD1-087481927C63} = {793AD8ED-EEB7-4A86-BEFA-2A5C7FA56D72}
		{1C5765B4-0448-46C3-8BD5-39168A53F21A} = {793AD8ED-EEB7-4A86-BEFA-2A5C7FA56D72}
		{7E8338DA-726C-4088-B4E3-E29E66BE3404} = {793AD8ED-EEB7-4A86-BEFA-2A5C7FA56D72}
		{38B95D06-7F4C-49B2-945D-2ECAEA2210C4} = {793AD8ED-EEB7-4A86-BEFA-2A5C7FA56D72}
		{4DF64636-06C6-42C0-82EF-04FF80EDD9B7} = {6505E749-06C0-4B7B-8F4B-17F9B36A9095}
		{447DB118-B54C-4D14-AF73-B2B584F06FE5} = {6505E749-06C0-4B7B-8F4B-17F9B36A9095}
		{0A568728-970E-43D6-8621-E6618A0AC3FB} = {793AD8ED-EEB7-4A86-BEFA-2A5C7FA56D72}
		{A0130599-17D9-4C3D-B27F-E7AC4EF7E2D6} = {793AD8ED-EEB7-4A86-BEFA-2A5C7FA56D72}
		{4CF96A61-1B40-44E9-B83A-B5DB0116B5DA} = {793AD8ED-EEB7-4A86-BEFA-2A5C7FA56D72}
		{CCA0232B-E334-4AEC-BE75-37FA26837DE3} = {793AD8ED-EEB7-4A86-BEFA-2A5C7FA56D72}
		{CA3B639B-5587-474D-80A3-98BAEE34CAAD} = {793AD8ED-EEB7-4A86-BEFA-2A5C7FA56D72}
		{381DA5BD-D5D1-442E-AE36-84D1838CEF82} = {793AD8ED-EEB7-4A86-BEFA-2A5C7FA56D72}
		{C324B9F0-AECA-4B96-BFA7-4DB3981D9C67} = {6505E749-06C0-4B7B-8F4B-17F9B36A9095}
		{BA9F8E73-7E2E-4E47-A614-CF6D8AD8445D} = {6505E749-06C0-4B7B-8F4B-17F9B36A9095}
		{956BA5EC-9232-4420-BC23-29BE6FE439CC} = {BA9F8E73-7E2E-4E47-A614-CF6D8AD8445D}
		{6996645B-E968-43FF-9CC4-ADC6E80680FA} = {BA9F8E73-7E2E-4E47-A614-CF6D8AD8445D}
		{D1C26B9E-066F-4429-8495-B14D17EC8A41} = {BA9F8E73-7E2E-4E47-A614-CF6D8AD8445D}
		{EFA2D330-1A64-4915-82F4-17F09F96D8A7} = {BA9F8E73-7E2E-4E47-A614-CF6D8AD8445D}
		{D6AC4745-F898-42F4-A547-EEDC041B9618} = {BA9F8E73-7E2E-4E47-A614-CF6D8AD8445D}
		{D1C85412-DC99-403D-A291-F2923BCC02E7} = {BA9F8E73-7E2E-4E47-A614-CF6D8AD8445D}
		{35C20505-0FCB-4D27-AFC5-A0B1071C268F} = {6505E749-06C0-4B7B-8F4B-17F9B36A9095}
		{D86CEC0F-8B8A-4C0D-BE4F-EA0EDEB99AF2} = {35C20505-0FCB-4D27-AFC5-A0B1071C268F}
		{CD4B4504-DD61-4BD0-BA92-883E73152CFA} = {35C20505-0FCB-4D27-AFC5-A0B1071C268F}
		{2076ADF1-E63E-4A71-AF00-DCD6570B5ECF} = {6505E749-06C0-4B7B-8F4B-17F9B36A9095}
		{1FC10C65-2BDF-41B7-9438-0819F4132766} = {2076ADF1-E63E-4A71-AF00-DCD6570B5ECF}
		{98FBB932-C3DC-449C-A8D4-C54E89E84CA7} = {2076ADF1-E63E-4A71-AF00-DCD6570B5ECF}
		{190AA2D7-1957-4ED1-BC6A-5D5BB6B049C9} = {6505E749-06C0-4B7B-8F4B-17F9B36A9095}
		{6414E18E-EA46-48A3-810A-15D73E875A09} = {190AA2D7-1957-4ED1-BC6A-5D5BB6B049C9}
		{7AF3ADE5-D2EF-4210-ADF2-537A86E5D64C} = {190AA2D7-1957-4ED1-BC6A-5D5BB6B049C9}
		{AF4B760D-8F47-4124-909E-6824CD552A74} = {793AD8ED-EEB7-4A86-BEFA-2A5C7FA56D72}
		{DED0524E-1E8A-4601-82A0-1909150C72F1} = {793AD8ED-EEB7-4A86-BEFA-2A5C7FA56D72}
		{4244B994-8103-44EB-9303-16E1296310FD} = {793AD8ED-EEB7-4A86-BEFA-2A5C7FA56D72}
		{6324EF38-D339-4A78-AEED-A41537E8DD92} = {6505E749-06C0-4B7B-8F4B-17F9B36A9095}
		{9FD822CD-E7DE-4B06-BD2A-B6EDFF6A4B34} = {793AD8ED-EEB7-4A86-BEFA-2A5C7FA56D72}
		{F58273F9-A2F4-4B7A-A717-DD9A82B7DE81} = {BA9F8E73-7E2E-4E47-A614-CF6D8AD8445D}
		{D6408007-7F39-4D5B-822D-086B509AE95C} = {BA9F8E73-7E2E-4E47-A614-CF6D8AD8445D}
		{FFAF6123-8A64-47B3-B2AC-E02E87FD7B51} = {793AD8ED-EEB7-4A86-BEFA-2A5C7FA56D72}
		{1BE977D5-1629-47D2-9AE3-860B6394BA66} = {793AD8ED-EEB7-4A86-BEFA-2A5C7FA56D72}
		{495D7C02-7945-4C18-9B20-9E49CD7B4CBE} = {793AD8ED-EEB7-4A86-BEFA-2A5C7FA56D72}
		{4DBCD88C-3231-4CCF-8D5A-D2AA2D45750B} = {6505E749-06C0-4B7B-8F4B-17F9B36A9095}
		{782C0B8B-B21E-4114-92D8-1BBB2DB608CC} = {4DBCD88C-3231-4CCF-8D5A-D2AA2D45750B}
		{CFF41457-ABA5-4ABE-8232-51F753A2FE64} = {4DBCD88C-3231-4CCF-8D5A-D2AA2D45750B}
		{A7BA368A-33EF-4FD6-9CBC-9679C30E5AE4} = {4DBCD88C-3231-4CCF-8D5A-D2AA2D45750B}
		{6CAD3826-DB91-4CB0-B432-16A0372A526E} = {4DBCD88C-3231-4CCF-8D5A-D2AA2D45750B}
		{D344641A-181B-4644-AF69-C35F749A92FE} = {4DBCD88C-3231-4CCF-8D5A-D2AA2D45750B}
		{024215E4-9022-4A45-85A0-1233908DC8BD} = {793AD8ED-EEB7-4A86-BEFA-2A5C7FA56D72}
		{02327B5A-3408-4928-BED7-2D6D1369349C} = {4DBCD88C-3231-4CCF-8D5A-D2AA2D45750B}
		{240E6384-74B7-4222-9A2F-D73960B8FEB7} = {793AD8ED-EEB7-4A86-BEFA-2A5C7FA56D72}
		{5190B637-7A0F-41F0-B0B0-53C11832B1C0} = {4DBCD88C-3231-4CCF-8D5A-D2AA2D45750B}
		{DDF318F2-D244-4D2A-B26F-E539D9E2AEE8} = {4DBCD88C-3231-4CCF-8D5A-D2AA2D45750B}
		{7A352273-5EB5-4033-8377-0127DAECA4D0} = {4DBCD88C-3231-4CCF-8D5A-D2AA2D45750B}
		{A6383E95-8817-45E3-BE58-75563219B2FB} = {793AD8ED-EEB7-4A86-BEFA-2A5C7FA56D72}
		{B9CBFF56-92A8-44D3-9DD8-F885223DCC84} = {4DBCD88C-3231-4CCF-8D5A-D2AA2D45750B}
		{D6103A46-A3C0-4349-BF53-21C25A3140AD} = {793AD8ED-EEB7-4A86-BEFA-2A5C7FA56D72}
		{3BC3BDDD-3EE0-48D9-A13B-F5B699B07B22} = {BA9F8E73-7E2E-4E47-A614-CF6D8AD8445D}
		{1E478B36-AC1B-4273-975C-6E6109ACFE55} = {793AD8ED-EEB7-4A86-BEFA-2A5C7FA56D72}
		{7B5AA120-FFFB-42B2-B81C-D25B33A3128D} = {35C20505-0FCB-4D27-AFC5-A0B1071C268F}
		{76F98859-2A98-4DA4-8778-4FD925D82AD5} = {35C20505-0FCB-4D27-AFC5-A0B1071C268F}
		{DC1ECA8C-0CDB-48E8-8FC8-05AA1939C7B7} = {35C20505-0FCB-4D27-AFC5-A0B1071C268F}
		{93AC468E-2D4E-4D05-81CD-A38ACAE32F65} = {4DBCD88C-3231-4CCF-8D5A-D2AA2D45750B}
		{184DD2EF-B10E-42E5-B688-35FE2DE4DFB0} = {4DBCD88C-3231-4CCF-8D5A-D2AA2D45750B}
		{8761ECE2-C0B1-48C1-9B70-5602636F9321} = {6505E749-06C0-4B7B-8F4B-17F9B36A9095}
		{80DB7F2D-9928-4943-92E7-9D0150D9B436} = {8761ECE2-C0B1-48C1-9B70-5602636F9321}
		{AE6EFF8B-3E1C-4147-8556-59BF83968398} = {80DB7F2D-9928-4943-92E7-9D0150D9B436}
		{79A748B0-244F-4330-9A69-C7ABC595021A} = {AE6EFF8B-3E1C-4147-8556-59BF83968398}
		{1C383955-2B13-4A61-BB2D-7B5814F3D71A} = {AE6EFF8B-3E1C-4147-8556-59BF83968398}
		{BE44062B-E0A1-442B-A2B8-4F4EF04313E5} = {AE6EFF8B-3E1C-4147-8556-59BF83968398}
		{438C269F-8BF6-4C49-964F-A43330F516E3} = {AE6EFF8B-3E1C-4147-8556-59BF83968398}
		{1235C98C-7414-41B1-9F2E-36D20EA736E2} = {AE6EFF8B-3E1C-4147-8556-59BF83968398}
		{C8024C53-585E-4C33-ACEE-E13F7BD96D34} = {AE6EFF8B-3E1C-4147-8556-59BF83968398}
		{C217D6FA-6B26-413D-9B26-6DC90F60E23C} = {AE6EFF8B-3E1C-4147-8556-59BF83968398}
		{5699A04E-5CAA-43A1-BB34-849AC40D374E} = {AE6EFF8B-3E1C-4147-8556-59BF83968398}
		{62FBCFAE-AFC3-4C61-B8DB-0E26A910D36B} = {AE6EFF8B-3E1C-4147-8556-59BF83968398}
		{0487B618-E2E2-4C81-8056-73751DDA3D49} = {6505E749-06C0-4B7B-8F4B-17F9B36A9095}
		{39F81DAF-91EE-4630-9653-3F173A3DA9A2} = {0487B618-E2E2-4C81-8056-73751DDA3D49}
		{615757CD-4602-4A45-A838-54B757941BAF} = {0487B618-E2E2-4C81-8056-73751DDA3D49}
		{3A68377F-F75A-4080-B321-2F6CF1638F40} = {35C20505-0FCB-4D27-AFC5-A0B1071C268F}
		{58F1EF68-538E-EBF9-4F25-FF1F528E3660} = {2076ADF1-E63E-4A71-AF00-DCD6570B5ECF}
		{551E05B0-CC68-7920-7287-55EC02E97BA9} = {2076ADF1-E63E-4A71-AF00-DCD6570B5ECF}
		{481D2A34-0496-6672-9B66-A0DF3D45FEDA} = {2076ADF1-E63E-4A71-AF00-DCD6570B5ECF}
		{1966FCB9-03C0-A419-0C0A-EC1319A5E25B} = {2076ADF1-E63E-4A71-AF00-DCD6570B5ECF}
		{5D0B35F5-C8BE-BDA7-E493-2BB0AEF0A834} = {35C20505-0FCB-4D27-AFC5-A0B1071C268F}
		{271614EC-F2F0-12C7-C5A8-A6FD9D88985D} = {2076ADF1-E63E-4A71-AF00-DCD6570B5ECF}
		{2A3F21F8-AECB-178B-70EC-FF459814810F} = {2076ADF1-E63E-4A71-AF00-DCD6570B5ECF}
		{B61C293A-8B81-77A2-5243-03D7B4EC1EAD} = {4DBCD88C-3231-4CCF-8D5A-D2AA2D45750B}
		{FC648959-1660-9C76-4679-B011211AB04B} = {4DBCD88C-3231-4CCF-8D5A-D2AA2D45750B}
		{02EA681E-C7D8-13C7-8484-4AC65E1B71E8} = {4DBCD88C-3231-4CCF-8D5A-D2AA2D45750B}
		{61C372C3-38C0-456C-B4FC-092B1614D278} = {02EA681E-C7D8-13C7-8484-4AC65E1B71E8}
		{14AB69B7-C3AD-4247-A3E2-C483EC022872} = {61C372C3-38C0-456C-B4FC-092B1614D278}
		{80A4D9C8-296F-A91A-F25C-7FC50A79FEB5} = {61C372C3-38C0-456C-B4FC-092B1614D278}
		{6A0ECC37-A73E-00A0-D1D6-A913E5048216} = {61C372C3-38C0-456C-B4FC-092B1614D278}
		{DADB6D9A-AA1E-C8D4-CCA2-E7BB476517EB} = {61C372C3-38C0-456C-B4FC-092B1614D278}
		{C80DE5D8-B8D1-A41A-9470-D9A90CCC9334} = {02EA681E-C7D8-13C7-8484-4AC65E1B71E8}
		{7325BDEE-8B0F-DDF0-C93F-7DC7DE349EDF} = {61C372C3-38C0-456C-B4FC-092B1614D278}
		{8F5C81B0-F8FD-B1B1-DFC3-DC1F3A35FC01} = {61C372C3-38C0-456C-B4FC-092B1614D278}
		{E3AE4535-40C2-790B-D4E9-5ECB41F085BE} = {61C372C3-38C0-456C-B4FC-092B1614D278}
		{E4014B39-EBB1-BCAF-D4F9-8253C9285513} = {61C372C3-38C0-456C-B4FC-092B1614D278}
		{A825A844-28D1-47BE-B488-104E39EF3CFF} = {35C20505-0FCB-4D27-AFC5-A0B1071C268F}
		{53330C03-A0D2-482F-A5E8-BF63D5F38D59} = {A825A844-28D1-47BE-B488-104E39EF3CFF}
		{5C9ADC0F-8239-4B4C-8D41-5A79CC7127C3} = {53330C03-A0D2-482F-A5E8-BF63D5F38D59}
		{0CFB8D2A-561D-8294-FF27-5E66A6546BBC} = {5C9ADC0F-8239-4B4C-8D41-5A79CC7127C3}
		{8FF9E73F-0193-9DB9-1762-FC80B87A0C1A} = {5C9ADC0F-8239-4B4C-8D41-5A79CC7127C3}
		{6A0B3979-61C2-AFF7-743A-A49C6F99B3C3} = {5C9ADC0F-8239-4B4C-8D41-5A79CC7127C3}
	EndGlobalSection
	GlobalSection(ExtensibilityGlobals) = postSolution
		SolutionGuid = {8386495B-97A2-4105-9FFF-71902F2E61B8}
	EndGlobalSection
EndGlobal
