
Microsoft Visual Studio Solution File, Format Version 12.00
# Visual Studio Version 16
VisualStudioVersion = 16.0.31205.134
MinimumVisualStudioVersion = 10.0.40219.1
Project("{9A19103F-16F7-4668-BE54-9A1E7A4F7556}") = "ILCompiler", "ILCompiler\ILCompiler.csproj", "{D277F530-9004-4F8D-9A6E-896906A32739}"
EndProject
Project("{9A19103F-16F7-4668-BE54-9A1E7A4F7556}") = "ILCompiler.Tests", "ILCompiler.Tests\ILCompiler.Tests.csproj", "{517870C5-B8AC-483E-80CC-9B0CBBFCC412}"
EndProject
Project("{2150E333-8FDC-42A3-9474-1A3956D46DE8}") = "Documentation", "Documentation", "{788056D0-345F-498A-A8D7-4373442E613F}"
	ProjectSection(SolutionItems) = preProject
		Documentation\csharp-80-architecture.md = Documentation\csharp-80-architecture.md
		Documentation\intro-to-csharp-80.md = Documentation\intro-to-csharp-80.md
	EndProjectSection
EndProject
Project("{9A19103F-16F7-4668-BE54-9A1E7A4F7556}") = "cs80corlib", "cs80corlib\cs80corlib.csproj", "{1BF72B8B-C76D-48FB-84DC-CDC52851BB39}"
EndProject
Project("{2150E333-8FDC-42A3-9474-1A3956D46DE8}") = "Samples", "Samples", "{793AD8ED-EEB7-4A86-BEFA-2A5C7FA56D72}"
EndProject
Project("{9A19103F-16F7-4668-BE54-9A1E7A4F7556}") = "Sample", "Samples\Sample\Sample.csproj", "{34DDF008-1399-4B78-BDD1-087481927C63}"
	ProjectSection(ProjectDependencies) = postProject
		{D277F530-9004-4F8D-9A6E-896906A32739} = {D277F530-9004-4F8D-9A6E-896906A32739}
	EndProjectSection
EndProject
Global
	GlobalSection(SolutionConfigurationPlatforms) = preSolution
		Debug|Any CPU = Debug|Any CPU
		Release|Any CPU = Release|Any CPU
	EndGlobalSection
	GlobalSection(ProjectConfigurationPlatforms) = postSolution
		{D277F530-9004-4F8D-9A6E-896906A32739}.Debug|Any CPU.ActiveCfg = Debug|Any CPU
		{D277F530-9004-4F8D-9A6E-896906A32739}.Debug|Any CPU.Build.0 = Debug|Any CPU
		{D277F530-9004-4F8D-9A6E-896906A32739}.Release|Any CPU.ActiveCfg = Release|Any CPU
		{D277F530-9004-4F8D-9A6E-896906A32739}.Release|Any CPU.Build.0 = Release|Any CPU
		{517870C5-B8AC-483E-80CC-9B0CBBFCC412}.Debug|Any CPU.ActiveCfg = Debug|Any CPU
		{517870C5-B8AC-483E-80CC-9B0CBBFCC412}.Debug|Any CPU.Build.0 = Debug|Any CPU
		{517870C5-B8AC-483E-80CC-9B0CBBFCC412}.Release|Any CPU.ActiveCfg = Release|Any CPU
		{517870C5-B8AC-483E-80CC-9B0CBBFCC412}.Release|Any CPU.Build.0 = Release|Any CPU
		{1BF72B8B-C76D-48FB-84DC-CDC52851BB39}.Debug|Any CPU.ActiveCfg = Debug|Any CPU
		{1BF72B8B-C76D-48FB-84DC-CDC52851BB39}.Debug|Any CPU.Build.0 = Debug|Any CPU
		{1BF72B8B-C76D-48FB-84DC-CDC52851BB39}.Release|Any CPU.ActiveCfg = Release|Any CPU
		{1BF72B8B-C76D-48FB-84DC-CDC52851BB39}.Release|Any CPU.Build.0 = Release|Any CPU
		{34DDF008-1399-4B78-BDD1-087481927C63}.Debug|Any CPU.ActiveCfg = Debug|Any CPU
		{34DDF008-1399-4B78-BDD1-087481927C63}.Debug|Any CPU.Build.0 = Debug|Any CPU
		{34DDF008-1399-4B78-BDD1-087481927C63}.Release|Any CPU.ActiveCfg = Release|Any CPU
		{34DDF008-1399-4B78-BDD1-087481927C63}.Release|Any CPU.Build.0 = Release|Any CPU
	EndGlobalSection
	GlobalSection(SolutionProperties) = preSolution
		HideSolutionNode = FALSE
	EndGlobalSection
	GlobalSection(NestedProjects) = preSolution
		{34DDF008-1399-4B78-BDD1-087481927C63} = {793AD8ED-EEB7-4A86-BEFA-2A5C7FA56D72}
	EndGlobalSection
	GlobalSection(ExtensibilityGlobals) = postSolution
		SolutionGuid = {8386495B-97A2-4105-9FFF-71902F2E61B8}
	EndGlobalSection
EndGlobal
